// !$*UTF8*$!
{
	archiveVersion = 1;
	classes = {
	};
	objectVersion = 50;
	objects = {

/* Begin PBXBuildFile section */
		4B4E2849273281BB0027F88B /* AnotherEdenApp.swift in Sources */ = {isa = PBXBuildFile; fileRef = 4B4E2848273281BB0027F88B /* AnotherEdenApp.swift */; };
		4B4E284B273281BB0027F88B /* ContentView.swift in Sources */ = {isa = PBXBuildFile; fileRef = 4B4E284A273281BB0027F88B /* ContentView.swift */; };
		4B4E284D273281C50027F88B /* Assets.xcassets in Resources */ = {isa = PBXBuildFile; fileRef = 4B4E284C273281C50027F88B /* Assets.xcassets */; };
		4B4E2850273281C50027F88B /* Preview Assets.xcassets in Resources */ = {isa = PBXBuildFile; fileRef = 4B4E284F273281C50027F88B /* Preview Assets.xcassets */; };
		4B4E285A2733B4EA0027F88B /* MainView.swift in Sources */ = {isa = PBXBuildFile; fileRef = 4B4E28592733B4EA0027F88B /* MainView.swift */; };
		4B4E285D2733C1940027F88B /* GameView.swift in Sources */ = {isa = PBXBuildFile; fileRef = 4B4E285C2733C1930027F88B /* GameView.swift */; };
		4B4E28602733C1A30027F88B /* ChillView.swift in Sources */ = {isa = PBXBuildFile; fileRef = 4B4E285F2733C1A30027F88B /* ChillView.swift */; };
		4B4E28632733C4680027F88B /* StoryView.swift in Sources */ = {isa = PBXBuildFile; fileRef = 4B4E28622733C4680027F88B /* StoryView.swift */; };
		4B4E28662733C4840027F88B /* CharacterView.swift in Sources */ = {isa = PBXBuildFile; fileRef = 4B4E28652733C4840027F88B /* CharacterView.swift */; };
		4B4E28692733C4940027F88B /* MapView.swift in Sources */ = {isa = PBXBuildFile; fileRef = 4B4E28682733C4940027F88B /* MapView.swift */; };
		4B4E286C2733C4A20027F88B /* DungeonView.swift in Sources */ = {isa = PBXBuildFile; fileRef = 4B4E286B2733C4A20027F88B /* DungeonView.swift */; };
		4B4E286F2733C4C00027F88B /* CatView.swift in Sources */ = {isa = PBXBuildFile; fileRef = 4B4E286E2733C4C00027F88B /* CatView.swift */; };
		4B4E28722733C4D10027F88B /* FishView.swift in Sources */ = {isa = PBXBuildFile; fileRef = 4B4E28712733C4D10027F88B /* FishView.swift */; };
		4B4E28782733CE8A0027F88B /* CharacterDetailView.swift in Sources */ = {isa = PBXBuildFile; fileRef = 4B4E28772733CE8A0027F88B /* CharacterDetailView.swift */; };
		4B4E287B2733DB4E0027F88B /* AncientMap.swift in Sources */ = {isa = PBXBuildFile; fileRef = 4B4E287A2733DB4E0027F88B /* AncientMap.swift */; };
		4B4E287E2733DB6D0027F88B /* ModernMap.swift in Sources */ = {isa = PBXBuildFile; fileRef = 4B4E287D2733DB6D0027F88B /* ModernMap.swift */; };
		4B4E28812733DB7C0027F88B /* FutureMap.swift in Sources */ = {isa = PBXBuildFile; fileRef = 4B4E28802733DB7C0027F88B /* FutureMap.swift */; };
		4B4E28852733FE3F0027F88B /* MapDetailView.swift in Sources */ = {isa = PBXBuildFile; fileRef = 4B4E28842733FE3F0027F88B /* MapDetailView.swift */; };
		558B54A527372A7100F6B834 /* orangeCat@3x.png in Resources */ = {isa = PBXBuildFile; fileRef = 558B549727372A7000F6B834 /* orangeCat@3x.png */; };
		558B54A627372A7100F6B834 /* americaCurlCat@2x.png in Resources */ = {isa = PBXBuildFile; fileRef = 558B549827372A7000F6B834 /* americaCurlCat@2x.png */; };
		558B54A727372A7100F6B834 /* calicoCat@3x.png in Resources */ = {isa = PBXBuildFile; fileRef = 558B549927372A7000F6B834 /* calicoCat@3x.png */; };
		558B54A827372A7100F6B834 /* americaCurlCat@3x.png in Resources */ = {isa = PBXBuildFile; fileRef = 558B549A27372A7000F6B834 /* americaCurlCat@3x.png */; };
		558B54A927372A7100F6B834 /* machineCat@3x.png in Resources */ = {isa = PBXBuildFile; fileRef = 558B549B27372A7000F6B834 /* machineCat@3x.png */; };
		558B54AA27372A7100F6B834 /* orangeCat@2x.png in Resources */ = {isa = PBXBuildFile; fileRef = 558B549C27372A7000F6B834 /* orangeCat@2x.png */; };
		558B54AB27372A7100F6B834 /* siameseCat@3x.png in Resources */ = {isa = PBXBuildFile; fileRef = 558B549D27372A7000F6B834 /* siameseCat@3x.png */; };
		558B54AC27372A7100F6B834 /* whiteCat@2x.png in Resources */ = {isa = PBXBuildFile; fileRef = 558B549E27372A7000F6B834 /* whiteCat@2x.png */; };
		558B54AD27372A7100F6B834 /* tortoiseshellCat@3x.png in Resources */ = {isa = PBXBuildFile; fileRef = 558B549F27372A7000F6B834 /* tortoiseshellCat@3x.png */; };
		558B54AE27372A7100F6B834 /* whiteCat@3x.png in Resources */ = {isa = PBXBuildFile; fileRef = 558B54A027372A7000F6B834 /* whiteCat@3x.png */; };
		558B54AF27372A7100F6B834 /* tortoiseshellCat@2x.png in Resources */ = {isa = PBXBuildFile; fileRef = 558B54A127372A7000F6B834 /* tortoiseshellCat@2x.png */; };
		558B54B027372A7100F6B834 /* machineCat@2x.png in Resources */ = {isa = PBXBuildFile; fileRef = 558B54A227372A7000F6B834 /* machineCat@2x.png */; };
		558B54B127372A7100F6B834 /* calicoCat@2x.png in Resources */ = {isa = PBXBuildFile; fileRef = 558B54A327372A7000F6B834 /* calicoCat@2x.png */; };
		558B54B227372A7100F6B834 /* siameseCat@2x.png in Resources */ = {isa = PBXBuildFile; fileRef = 558B54A427372A7000F6B834 /* siameseCat@2x.png */; };
		5599818827373927008D9711 /* IconView.swift in Sources */ = {isa = PBXBuildFile; fileRef = 5599818727373927008D9711 /* IconView.swift */; };
		55B876032735BA1E00F19331 /* Bgm_town_rattle.mp3 in Resources */ = {isa = PBXBuildFile; fileRef = 55B875EC2735BA1D00F19331 /* Bgm_town_rattle.mp3 */; };
		55B876042735BA1E00F19331 /* Bgm_dungeon_general_tower.mp3 in Resources */ = {isa = PBXBuildFile; fileRef = 55B875ED2735BA1D00F19331 /* Bgm_dungeon_general_tower.mp3 */; };
		55B876052735BA1E00F19331 /* Bgm_town_general_ancient.mp3 in Resources */ = {isa = PBXBuildFile; fileRef = 55B875EE2735BA1D00F19331 /* Bgm_town_general_ancient.mp3 */; };
		55B876062735BA1E00F19331 /* Bgm_town_general_modern.mp3 in Resources */ = {isa = PBXBuildFile; fileRef = 55B875EF2735BA1D00F19331 /* Bgm_town_general_modern.mp3 */; };
		55B876072735BA1E00F19331 /* Bgm_storm.mp3 in Resources */ = {isa = PBXBuildFile; fileRef = 55B875F02735BA1D00F19331 /* Bgm_storm.mp3 */; };
		55B876082735BA1E00F19331 /* Bgm_town_actool.mp3 in Resources */ = {isa = PBXBuildFile; fileRef = 55B875F12735BA1D00F19331 /* Bgm_town_actool.mp3 */; };
		55B876092735BA1E00F19331 /* Bgm_dungeon_nadara.mp3 in Resources */ = {isa = PBXBuildFile; fileRef = 55B875F22735BA1D00F19331 /* Bgm_dungeon_nadara.mp3 */; };
		55B8760A2735BA1E00F19331 /* Bgm_dungeon_xeno_domain.mp3 in Resources */ = {isa = PBXBuildFile; fileRef = 55B875F32735BA1D00F19331 /* Bgm_dungeon_xeno_domain.mp3 */; };
		55B8760B2735BA1E00F19331 /* Bgm_dungeon_general_maze.mp3 in Resources */ = {isa = PBXBuildFile; fileRef = 55B875F42735BA1D00F19331 /* Bgm_dungeon_general_maze.mp3 */; };
		55B8760C2735BA1E00F19331 /* Bgm_main_theme.mp3 in Resources */ = {isa = PBXBuildFile; fileRef = 55B875F52735BA1D00F19331 /* Bgm_main_theme.mp3 */; };
		55B8760D2735BA1E00F19331 /* Bgm_town_baruoky.mp3 in Resources */ = {isa = PBXBuildFile; fileRef = 55B875F62735BA1D00F19331 /* Bgm_town_baruoky.mp3 */; };
		55B8760E2735BA1E00F19331 /* Bgm_dungeon_beast_castle.mp3 in Resources */ = {isa = PBXBuildFile; fileRef = 55B875F72735BA1D00F19331 /* Bgm_dungeon_beast_castle.mp3 */; };
		55B8760F2735BA1E00F19331 /* Bgm_town_palcifal.mp3 in Resources */ = {isa = PBXBuildFile; fileRef = 55B875F82735BA1D00F19331 /* Bgm_town_palcifal.mp3 */; };
		55B876102735BA1E00F19331 /* Bgm_town_baruoky_2.mp3 in Resources */ = {isa = PBXBuildFile; fileRef = 55B875F92735BA1D00F19331 /* Bgm_town_baruoky_2.mp3 */; };
		55B876112735BA1E00F19331 /* Bgm_town_unigan.mp3 in Resources */ = {isa = PBXBuildFile; fileRef = 55B875FA2735BA1D00F19331 /* Bgm_town_unigan.mp3 */; };
		55B876122735BA1E00F19331 /* Bgm_field_future.mp3 in Resources */ = {isa = PBXBuildFile; fileRef = 55B875FB2735BA1D00F19331 /* Bgm_field_future.mp3 */; };
		55B876132735BA1E00F19331 /* Bgm_field_modern.mp3 in Resources */ = {isa = PBXBuildFile; fileRef = 55B875FC2735BA1D00F19331 /* Bgm_field_modern.mp3 */; };
		55B876142735BA1E00F19331 /* Bgm_town_elgion.mp3 in Resources */ = {isa = PBXBuildFile; fileRef = 55B875FD2735BA1D00F19331 /* Bgm_town_elgion.mp3 */; };
		55B876152735BA1E00F19331 /* Bgm_field_ancient.mp3 in Resources */ = {isa = PBXBuildFile; fileRef = 55B875FE2735BA1D00F19331 /* Bgm_field_ancient.mp3 */; };
		55B876162735BA1E00F19331 /* Bgm_town_raula_dome.mp3 in Resources */ = {isa = PBXBuildFile; fileRef = 55B875FF2735BA1D00F19331 /* Bgm_town_raula_dome.mp3 */; };
		55B876172735BA1E00F19331 /* Bgm_dungeon_general_bog.mp3 in Resources */ = {isa = PBXBuildFile; fileRef = 55B876002735BA1D00F19331 /* Bgm_dungeon_general_bog.mp3 */; };
		55B876182735BA1E00F19331 /* Bgm_field_time_forgot.mp3 in Resources */ = {isa = PBXBuildFile; fileRef = 55B876012735BA1E00F19331 /* Bgm_field_time_forgot.mp3 */; };
		55B876192735BA1E00F19331 /* Bgm_dungeon_general_forest.mp3 in Resources */ = {isa = PBXBuildFile; fileRef = 55B876022735BA1E00F19331 /* Bgm_dungeon_general_forest.mp3 */; };
		55B8761D2735BF9500F19331 /* Bgm_sad.mp3 in Resources */ = {isa = PBXBuildFile; fileRef = 55B8761C2735BF9500F19331 /* Bgm_sad.mp3 */; };
		55B876242735FEA300F19331 /* 宣傳影片.mp4 in Resources */ = {isa = PBXBuildFile; fileRef = 55B876232735FEA300F19331 /* 宣傳影片.mp4 */; };
/* End PBXBuildFile section */

/* Begin PBXFileReference section */
		4B4E2845273281BB0027F88B /* AnotherEden.app */ = {isa = PBXFileReference; explicitFileType = wrapper.application; includeInIndex = 0; path = AnotherEden.app; sourceTree = BUILT_PRODUCTS_DIR; };
		4B4E2848273281BB0027F88B /* AnotherEdenApp.swift */ = {isa = PBXFileReference; lastKnownFileType = sourcecode.swift; path = AnotherEdenApp.swift; sourceTree = "<group>"; };
		4B4E284A273281BB0027F88B /* ContentView.swift */ = {isa = PBXFileReference; lastKnownFileType = sourcecode.swift; path = ContentView.swift; sourceTree = "<group>"; };
		4B4E284C273281C50027F88B /* Assets.xcassets */ = {isa = PBXFileReference; lastKnownFileType = folder.assetcatalog; path = Assets.xcassets; sourceTree = "<group>"; };
		4B4E284F273281C50027F88B /* Preview Assets.xcassets */ = {isa = PBXFileReference; lastKnownFileType = folder.assetcatalog; path = "Preview Assets.xcassets"; sourceTree = "<group>"; };
		4B4E2851273281C50027F88B /* Info.plist */ = {isa = PBXFileReference; lastKnownFileType = text.plist.xml; path = Info.plist; sourceTree = "<group>"; };
		4B4E28592733B4EA0027F88B /* MainView.swift */ = {isa = PBXFileReference; lastKnownFileType = sourcecode.swift; path = MainView.swift; sourceTree = "<group>"; };
		4B4E285C2733C1930027F88B /* GameView.swift */ = {isa = PBXFileReference; lastKnownFileType = sourcecode.swift; path = GameView.swift; sourceTree = "<group>"; };
		4B4E285F2733C1A30027F88B /* ChillView.swift */ = {isa = PBXFileReference; lastKnownFileType = sourcecode.swift; path = ChillView.swift; sourceTree = "<group>"; };
		4B4E28622733C4680027F88B /* StoryView.swift */ = {isa = PBXFileReference; lastKnownFileType = sourcecode.swift; path = StoryView.swift; sourceTree = "<group>"; };
		4B4E28652733C4840027F88B /* CharacterView.swift */ = {isa = PBXFileReference; lastKnownFileType = sourcecode.swift; path = CharacterView.swift; sourceTree = "<group>"; };
		4B4E28682733C4940027F88B /* MapView.swift */ = {isa = PBXFileReference; lastKnownFileType = sourcecode.swift; path = MapView.swift; sourceTree = "<group>"; };
		4B4E286B2733C4A20027F88B /* DungeonView.swift */ = {isa = PBXFileReference; lastKnownFileType = sourcecode.swift; path = DungeonView.swift; sourceTree = "<group>"; };
		4B4E286E2733C4C00027F88B /* CatView.swift */ = {isa = PBXFileReference; lastKnownFileType = sourcecode.swift; path = CatView.swift; sourceTree = "<group>"; };
		4B4E28712733C4D10027F88B /* FishView.swift */ = {isa = PBXFileReference; lastKnownFileType = sourcecode.swift; path = FishView.swift; sourceTree = "<group>"; };
		4B4E28772733CE8A0027F88B /* CharacterDetailView.swift */ = {isa = PBXFileReference; lastKnownFileType = sourcecode.swift; path = CharacterDetailView.swift; sourceTree = "<group>"; };
		4B4E287A2733DB4E0027F88B /* AncientMap.swift */ = {isa = PBXFileReference; lastKnownFileType = sourcecode.swift; path = AncientMap.swift; sourceTree = "<group>"; };
		4B4E287D2733DB6D0027F88B /* ModernMap.swift */ = {isa = PBXFileReference; lastKnownFileType = sourcecode.swift; path = ModernMap.swift; sourceTree = "<group>"; };
		4B4E28802733DB7C0027F88B /* FutureMap.swift */ = {isa = PBXFileReference; lastKnownFileType = sourcecode.swift; path = FutureMap.swift; sourceTree = "<group>"; };
		4B4E28842733FE3F0027F88B /* MapDetailView.swift */ = {isa = PBXFileReference; lastKnownFileType = sourcecode.swift; path = MapDetailView.swift; sourceTree = "<group>"; };
		558B549727372A7000F6B834 /* orangeCat@3x.png */ = {isa = PBXFileReference; lastKnownFileType = image.png; path = "orangeCat@3x.png"; sourceTree = "<group>"; };
		558B549827372A7000F6B834 /* americaCurlCat@2x.png */ = {isa = PBXFileReference; lastKnownFileType = image.png; path = "americaCurlCat@2x.png"; sourceTree = "<group>"; };
		558B549927372A7000F6B834 /* calicoCat@3x.png */ = {isa = PBXFileReference; lastKnownFileType = image.png; path = "calicoCat@3x.png"; sourceTree = "<group>"; };
		558B549A27372A7000F6B834 /* americaCurlCat@3x.png */ = {isa = PBXFileReference; lastKnownFileType = image.png; path = "americaCurlCat@3x.png"; sourceTree = "<group>"; };
		558B549B27372A7000F6B834 /* machineCat@3x.png */ = {isa = PBXFileReference; lastKnownFileType = image.png; path = "machineCat@3x.png"; sourceTree = "<group>"; };
		558B549C27372A7000F6B834 /* orangeCat@2x.png */ = {isa = PBXFileReference; lastKnownFileType = image.png; path = "orangeCat@2x.png"; sourceTree = "<group>"; };
		558B549D27372A7000F6B834 /* siameseCat@3x.png */ = {isa = PBXFileReference; lastKnownFileType = image.png; path = "siameseCat@3x.png"; sourceTree = "<group>"; };
		558B549E27372A7000F6B834 /* whiteCat@2x.png */ = {isa = PBXFileReference; lastKnownFileType = image.png; path = "whiteCat@2x.png"; sourceTree = "<group>"; };
		558B549F27372A7000F6B834 /* tortoiseshellCat@3x.png */ = {isa = PBXFileReference; lastKnownFileType = image.png; path = "tortoiseshellCat@3x.png"; sourceTree = "<group>"; };
		558B54A027372A7000F6B834 /* whiteCat@3x.png */ = {isa = PBXFileReference; lastKnownFileType = image.png; path = "whiteCat@3x.png"; sourceTree = "<group>"; };
		558B54A127372A7000F6B834 /* tortoiseshellCat@2x.png */ = {isa = PBXFileReference; lastKnownFileType = image.png; path = "tortoiseshellCat@2x.png"; sourceTree = "<group>"; };
		558B54A227372A7000F6B834 /* machineCat@2x.png */ = {isa = PBXFileReference; lastKnownFileType = image.png; path = "machineCat@2x.png"; sourceTree = "<group>"; };
		558B54A327372A7000F6B834 /* calicoCat@2x.png */ = {isa = PBXFileReference; lastKnownFileType = image.png; path = "calicoCat@2x.png"; sourceTree = "<group>"; };
		558B54A427372A7000F6B834 /* siameseCat@2x.png */ = {isa = PBXFileReference; lastKnownFileType = image.png; path = "siameseCat@2x.png"; sourceTree = "<group>"; };
		5599818727373927008D9711 /* IconView.swift */ = {isa = PBXFileReference; lastKnownFileType = sourcecode.swift; path = IconView.swift; sourceTree = "<group>"; };
		55B875EC2735BA1D00F19331 /* Bgm_town_rattle.mp3 */ = {isa = PBXFileReference; lastKnownFileType = audio.mp3; path = Bgm_town_rattle.mp3; sourceTree = "<group>"; };
		55B875ED2735BA1D00F19331 /* Bgm_dungeon_general_tower.mp3 */ = {isa = PBXFileReference; lastKnownFileType = audio.mp3; path = Bgm_dungeon_general_tower.mp3; sourceTree = "<group>"; };
		55B875EE2735BA1D00F19331 /* Bgm_town_general_ancient.mp3 */ = {isa = PBXFileReference; lastKnownFileType = audio.mp3; path = Bgm_town_general_ancient.mp3; sourceTree = "<group>"; };
		55B875EF2735BA1D00F19331 /* Bgm_town_general_modern.mp3 */ = {isa = PBXFileReference; lastKnownFileType = audio.mp3; path = Bgm_town_general_modern.mp3; sourceTree = "<group>"; };
		55B875F02735BA1D00F19331 /* Bgm_storm.mp3 */ = {isa = PBXFileReference; lastKnownFileType = audio.mp3; path = Bgm_storm.mp3; sourceTree = "<group>"; };
		55B875F12735BA1D00F19331 /* Bgm_town_actool.mp3 */ = {isa = PBXFileReference; lastKnownFileType = audio.mp3; path = Bgm_town_actool.mp3; sourceTree = "<group>"; };
		55B875F22735BA1D00F19331 /* Bgm_dungeon_nadara.mp3 */ = {isa = PBXFileReference; lastKnownFileType = audio.mp3; path = Bgm_dungeon_nadara.mp3; sourceTree = "<group>"; };
		55B875F32735BA1D00F19331 /* Bgm_dungeon_xeno_domain.mp3 */ = {isa = PBXFileReference; lastKnownFileType = audio.mp3; path = Bgm_dungeon_xeno_domain.mp3; sourceTree = "<group>"; };
		55B875F42735BA1D00F19331 /* Bgm_dungeon_general_maze.mp3 */ = {isa = PBXFileReference; lastKnownFileType = audio.mp3; path = Bgm_dungeon_general_maze.mp3; sourceTree = "<group>"; };
		55B875F52735BA1D00F19331 /* Bgm_main_theme.mp3 */ = {isa = PBXFileReference; lastKnownFileType = audio.mp3; path = Bgm_main_theme.mp3; sourceTree = "<group>"; };
		55B875F62735BA1D00F19331 /* Bgm_town_baruoky.mp3 */ = {isa = PBXFileReference; lastKnownFileType = audio.mp3; path = Bgm_town_baruoky.mp3; sourceTree = "<group>"; };
		55B875F72735BA1D00F19331 /* Bgm_dungeon_beast_castle.mp3 */ = {isa = PBXFileReference; lastKnownFileType = audio.mp3; path = Bgm_dungeon_beast_castle.mp3; sourceTree = "<group>"; };
		55B875F82735BA1D00F19331 /* Bgm_town_palcifal.mp3 */ = {isa = PBXFileReference; lastKnownFileType = audio.mp3; path = Bgm_town_palcifal.mp3; sourceTree = "<group>"; };
		55B875F92735BA1D00F19331 /* Bgm_town_baruoky_2.mp3 */ = {isa = PBXFileReference; lastKnownFileType = audio.mp3; path = Bgm_town_baruoky_2.mp3; sourceTree = "<group>"; };
		55B875FA2735BA1D00F19331 /* Bgm_town_unigan.mp3 */ = {isa = PBXFileReference; lastKnownFileType = audio.mp3; path = Bgm_town_unigan.mp3; sourceTree = "<group>"; };
		55B875FB2735BA1D00F19331 /* Bgm_field_future.mp3 */ = {isa = PBXFileReference; lastKnownFileType = audio.mp3; path = Bgm_field_future.mp3; sourceTree = "<group>"; };
		55B875FC2735BA1D00F19331 /* Bgm_field_modern.mp3 */ = {isa = PBXFileReference; lastKnownFileType = audio.mp3; path = Bgm_field_modern.mp3; sourceTree = "<group>"; };
		55B875FD2735BA1D00F19331 /* Bgm_town_elgion.mp3 */ = {isa = PBXFileReference; lastKnownFileType = audio.mp3; path = Bgm_town_elgion.mp3; sourceTree = "<group>"; };
		55B875FE2735BA1D00F19331 /* Bgm_field_ancient.mp3 */ = {isa = PBXFileReference; lastKnownFileType = audio.mp3; path = Bgm_field_ancient.mp3; sourceTree = "<group>"; };
		55B875FF2735BA1D00F19331 /* Bgm_town_raula_dome.mp3 */ = {isa = PBXFileReference; lastKnownFileType = audio.mp3; path = Bgm_town_raula_dome.mp3; sourceTree = "<group>"; };
		55B876002735BA1D00F19331 /* Bgm_dungeon_general_bog.mp3 */ = {isa = PBXFileReference; lastKnownFileType = audio.mp3; path = Bgm_dungeon_general_bog.mp3; sourceTree = "<group>"; };
		55B876012735BA1E00F19331 /* Bgm_field_time_forgot.mp3 */ = {isa = PBXFileReference; lastKnownFileType = audio.mp3; path = Bgm_field_time_forgot.mp3; sourceTree = "<group>"; };
		55B876022735BA1E00F19331 /* Bgm_dungeon_general_forest.mp3 */ = {isa = PBXFileReference; lastKnownFileType = audio.mp3; path = Bgm_dungeon_general_forest.mp3; sourceTree = "<group>"; };
		55B8761C2735BF9500F19331 /* Bgm_sad.mp3 */ = {isa = PBXFileReference; lastKnownFileType = audio.mp3; path = Bgm_sad.mp3; sourceTree = "<group>"; };
		55B876232735FEA300F19331 /* 宣傳影片.mp4 */ = {isa = PBXFileReference; lastKnownFileType = file; path = "宣傳影片.mp4"; sourceTree = "<group>"; };
/* End PBXFileReference section */

/* Begin PBXFrameworksBuildPhase section */
		4B4E2842273281BB0027F88B /* Frameworks */ = {
			isa = PBXFrameworksBuildPhase;
			buildActionMask = 2147483647;
			files = (
			);
			runOnlyForDeploymentPostprocessing = 0;
		};
/* End PBXFrameworksBuildPhase section */

/* Begin PBXGroup section */
		4B4E283C273281BB0027F88B = {
			isa = PBXGroup;
			children = (
				4B4E2847273281BB0027F88B /* AnotherEden */,
				4B4E2846273281BB0027F88B /* Products */,
			);
			sourceTree = "<group>";
		};
		4B4E2846273281BB0027F88B /* Products */ = {
			isa = PBXGroup;
			children = (
				4B4E2845273281BB0027F88B /* AnotherEden.app */,
			);
			name = Products;
			sourceTree = "<group>";
		};
		4B4E2847273281BB0027F88B /* AnotherEden */ = {
			isa = PBXGroup;
			children = (
				558B54582737248800F6B834 /* Icons */,
				55B876232735FEA300F19331 /* 宣傳影片.mp4 */,
				4B4E2888273403400027F88B /* BGM */,
				4B4E2848273281BB0027F88B /* AnotherEdenApp.swift */,
				4B4E284A273281BB0027F88B /* ContentView.swift */,
				4B4E28682733C4940027F88B /* MapView.swift */,
				4B4E287A2733DB4E0027F88B /* AncientMap.swift */,
				4B4E287D2733DB6D0027F88B /* ModernMap.swift */,
				4B4E28802733DB7C0027F88B /* FutureMap.swift */,
				4B4E28842733FE3F0027F88B /* MapDetailView.swift */,
				4B4E286B2733C4A20027F88B /* DungeonView.swift */,
				4B4E286E2733C4C00027F88B /* CatView.swift */,
				4B4E28712733C4D10027F88B /* FishView.swift */,
				4B4E28622733C4680027F88B /* StoryView.swift */,
				4B4E28652733C4840027F88B /* CharacterView.swift */,
				4B4E28772733CE8A0027F88B /* CharacterDetailView.swift */,
				4B4E285C2733C1930027F88B /* GameView.swift */,
				4B4E285F2733C1A30027F88B /* ChillView.swift */,
				4B4E28592733B4EA0027F88B /* MainView.swift */,
				5599818727373927008D9711 /* IconView.swift */,
				4B4E284C273281C50027F88B /* Assets.xcassets */,
				4B4E2851273281C50027F88B /* Info.plist */,
				4B4E284E273281C50027F88B /* Preview Content */,
			);
			path = AnotherEden;
			sourceTree = "<group>";
		};
		4B4E284E273281C50027F88B /* Preview Content */ = {
			isa = PBXGroup;
			children = (
				4B4E284F273281C50027F88B /* Preview Assets.xcassets */,
			);
			path = "Preview Content";
			sourceTree = "<group>";
		};
		4B4E2888273403400027F88B /* BGM */ = {
			isa = PBXGroup;
			children = (
				55B8761C2735BF9500F19331 /* Bgm_sad.mp3 */,
				55B875F72735BA1D00F19331 /* Bgm_dungeon_beast_castle.mp3 */,
				55B876002735BA1D00F19331 /* Bgm_dungeon_general_bog.mp3 */,
				55B876022735BA1E00F19331 /* Bgm_dungeon_general_forest.mp3 */,
				55B875F42735BA1D00F19331 /* Bgm_dungeon_general_maze.mp3 */,
				55B875ED2735BA1D00F19331 /* Bgm_dungeon_general_tower.mp3 */,
				55B875F22735BA1D00F19331 /* Bgm_dungeon_nadara.mp3 */,
				55B875F32735BA1D00F19331 /* Bgm_dungeon_xeno_domain.mp3 */,
				55B875FE2735BA1D00F19331 /* Bgm_field_ancient.mp3 */,
				55B875FB2735BA1D00F19331 /* Bgm_field_future.mp3 */,
				55B875FC2735BA1D00F19331 /* Bgm_field_modern.mp3 */,
				55B876012735BA1E00F19331 /* Bgm_field_time_forgot.mp3 */,
				55B875F52735BA1D00F19331 /* Bgm_main_theme.mp3 */,
				55B875F02735BA1D00F19331 /* Bgm_storm.mp3 */,
				55B875F12735BA1D00F19331 /* Bgm_town_actool.mp3 */,
				55B875F92735BA1D00F19331 /* Bgm_town_baruoky_2.mp3 */,
				55B875F62735BA1D00F19331 /* Bgm_town_baruoky.mp3 */,
				55B875FD2735BA1D00F19331 /* Bgm_town_elgion.mp3 */,
				55B875EE2735BA1D00F19331 /* Bgm_town_general_ancient.mp3 */,
				55B875EF2735BA1D00F19331 /* Bgm_town_general_modern.mp3 */,
				55B875F82735BA1D00F19331 /* Bgm_town_palcifal.mp3 */,
				55B875EC2735BA1D00F19331 /* Bgm_town_rattle.mp3 */,
				55B875FF2735BA1D00F19331 /* Bgm_town_raula_dome.mp3 */,
				55B875FA2735BA1D00F19331 /* Bgm_town_unigan.mp3 */,
			);
			path = BGM;
			sourceTree = "<group>";
		};
		558B54582737248800F6B834 /* Icons */ = {
			isa = PBXGroup;
			children = (
				558B549827372A7000F6B834 /* americaCurlCat@2x.png */,
				558B549A27372A7000F6B834 /* americaCurlCat@3x.png */,
				558B54A327372A7000F6B834 /* calicoCat@2x.png */,
				558B549927372A7000F6B834 /* calicoCat@3x.png */,
				558B54A227372A7000F6B834 /* machineCat@2x.png */,
				558B549B27372A7000F6B834 /* machineCat@3x.png */,
				558B549C27372A7000F6B834 /* orangeCat@2x.png */,
				558B549727372A7000F6B834 /* orangeCat@3x.png */,
				558B54A427372A7000F6B834 /* siameseCat@2x.png */,
				558B549D27372A7000F6B834 /* siameseCat@3x.png */,
				558B54A127372A7000F6B834 /* tortoiseshellCat@2x.png */,
				558B549F27372A7000F6B834 /* tortoiseshellCat@3x.png */,
				558B549E27372A7000F6B834 /* whiteCat@2x.png */,
				558B54A027372A7000F6B834 /* whiteCat@3x.png */,
			);
			path = Icons;
			sourceTree = "<group>";
		};
/* End PBXGroup section */

/* Begin PBXNativeTarget section */
		4B4E2844273281BB0027F88B /* AnotherEden */ = {
			isa = PBXNativeTarget;
			buildConfigurationList = 4B4E2854273281C50027F88B /* Build configuration list for PBXNativeTarget "AnotherEden" */;
			buildPhases = (
				4B4E2841273281BB0027F88B /* Sources */,
				4B4E2842273281BB0027F88B /* Frameworks */,
				4B4E2843273281BB0027F88B /* Resources */,
			);
			buildRules = (
			);
			dependencies = (
			);
			name = AnotherEden;
			productName = AnotherEden;
			productReference = 4B4E2845273281BB0027F88B /* AnotherEden.app */;
			productType = "com.apple.product-type.application";
		};
/* End PBXNativeTarget section */

/* Begin PBXProject section */
		4B4E283D273281BB0027F88B /* Project object */ = {
			isa = PBXProject;
			attributes = {
				LastSwiftUpdateCheck = 1240;
				LastUpgradeCheck = 1240;
				TargetAttributes = {
					4B4E2844273281BB0027F88B = {
						CreatedOnToolsVersion = 12.4;
					};
				};
			};
			buildConfigurationList = 4B4E2840273281BB0027F88B /* Build configuration list for PBXProject "AnotherEden" */;
			compatibilityVersion = "Xcode 9.3";
			developmentRegion = en;
			hasScannedForEncodings = 0;
			knownRegions = (
				en,
				Base,
			);
			mainGroup = 4B4E283C273281BB0027F88B;
			productRefGroup = 4B4E2846273281BB0027F88B /* Products */;
			projectDirPath = "";
			projectRoot = "";
			targets = (
				4B4E2844273281BB0027F88B /* AnotherEden */,
			);
		};
/* End PBXProject section */

/* Begin PBXResourcesBuildPhase section */
		4B4E2843273281BB0027F88B /* Resources */ = {
			isa = PBXResourcesBuildPhase;
			buildActionMask = 2147483647;
			files = (
				55B876172735BA1E00F19331 /* Bgm_dungeon_general_bog.mp3 in Resources */,
				55B8760C2735BA1E00F19331 /* Bgm_main_theme.mp3 in Resources */,
				55B876192735BA1E00F19331 /* Bgm_dungeon_general_forest.mp3 in Resources */,
				55B876242735FEA300F19331 /* 宣傳影片.mp4 in Resources */,
				558B54AC27372A7100F6B834 /* whiteCat@2x.png in Resources */,
				55B8760B2735BA1E00F19331 /* Bgm_dungeon_general_maze.mp3 in Resources */,
				55B8760E2735BA1E00F19331 /* Bgm_dungeon_beast_castle.mp3 in Resources */,
				55B876032735BA1E00F19331 /* Bgm_town_rattle.mp3 in Resources */,
				55B876062735BA1E00F19331 /* Bgm_town_general_modern.mp3 in Resources */,
				55B876072735BA1E00F19331 /* Bgm_storm.mp3 in Resources */,
				55B876042735BA1E00F19331 /* Bgm_dungeon_general_tower.mp3 in Resources */,
				558B54A827372A7100F6B834 /* americaCurlCat@3x.png in Resources */,
				55B876142735BA1E00F19331 /* Bgm_town_elgion.mp3 in Resources */,
				4B4E2850273281C50027F88B /* Preview Assets.xcassets in Resources */,
				558B54AE27372A7100F6B834 /* whiteCat@3x.png in Resources */,
				4B4E284D273281C50027F88B /* Assets.xcassets in Resources */,
				55B8760F2735BA1E00F19331 /* Bgm_town_palcifal.mp3 in Resources */,
				55B8760A2735BA1E00F19331 /* Bgm_dungeon_xeno_domain.mp3 in Resources */,
				558B54B027372A7100F6B834 /* machineCat@2x.png in Resources */,
				558B54AB27372A7100F6B834 /* siameseCat@3x.png in Resources */,
				55B876052735BA1E00F19331 /* Bgm_town_general_ancient.mp3 in Resources */,
				55B876182735BA1E00F19331 /* Bgm_field_time_forgot.mp3 in Resources */,
				55B8760D2735BA1E00F19331 /* Bgm_town_baruoky.mp3 in Resources */,
				55B876092735BA1E00F19331 /* Bgm_dungeon_nadara.mp3 in Resources */,
				55B876102735BA1E00F19331 /* Bgm_town_baruoky_2.mp3 in Resources */,
				55B876152735BA1E00F19331 /* Bgm_field_ancient.mp3 in Resources */,
				55B876122735BA1E00F19331 /* Bgm_field_future.mp3 in Resources */,
				558B54A527372A7100F6B834 /* orangeCat@3x.png in Resources */,
				558B54AA27372A7100F6B834 /* orangeCat@2x.png in Resources */,
				55B876162735BA1E00F19331 /* Bgm_town_raula_dome.mp3 in Resources */,
				55B8761D2735BF9500F19331 /* Bgm_sad.mp3 in Resources */,
				55B876082735BA1E00F19331 /* Bgm_town_actool.mp3 in Resources */,
				558B54B127372A7100F6B834 /* calicoCat@2x.png in Resources */,
				558B54AD27372A7100F6B834 /* tortoiseshellCat@3x.png in Resources */,
				55B876112735BA1E00F19331 /* Bgm_town_unigan.mp3 in Resources */,
				558B54A927372A7100F6B834 /* machineCat@3x.png in Resources */,
				558B54A727372A7100F6B834 /* calicoCat@3x.png in Resources */,
				558B54A627372A7100F6B834 /* americaCurlCat@2x.png in Resources */,
				55B876132735BA1E00F19331 /* Bgm_field_modern.mp3 in Resources */,
				558B54AF27372A7100F6B834 /* tortoiseshellCat@2x.png in Resources */,
				558B54B227372A7100F6B834 /* siameseCat@2x.png in Resources */,
			);
			runOnlyForDeploymentPostprocessing = 0;
		};
/* End PBXResourcesBuildPhase section */

/* Begin PBXSourcesBuildPhase section */
		4B4E2841273281BB0027F88B /* Sources */ = {
			isa = PBXSourcesBuildPhase;
			buildActionMask = 2147483647;
			files = (
				4B4E286C2733C4A20027F88B /* DungeonView.swift in Sources */,
				4B4E28632733C4680027F88B /* StoryView.swift in Sources */,
				4B4E28692733C4940027F88B /* MapView.swift in Sources */,
				4B4E28812733DB7C0027F88B /* FutureMap.swift in Sources */,
				4B4E28782733CE8A0027F88B /* CharacterDetailView.swift in Sources */,
				4B4E284B273281BB0027F88B /* ContentView.swift in Sources */,
				4B4E28852733FE3F0027F88B /* MapDetailView.swift in Sources */,
				4B4E287B2733DB4E0027F88B /* AncientMap.swift in Sources */,
				4B4E287E2733DB6D0027F88B /* ModernMap.swift in Sources */,
				4B4E285A2733B4EA0027F88B /* MainView.swift in Sources */,
				4B4E285D2733C1940027F88B /* GameView.swift in Sources */,
				4B4E2849273281BB0027F88B /* AnotherEdenApp.swift in Sources */,
				5599818827373927008D9711 /* IconView.swift in Sources */,
				4B4E28602733C1A30027F88B /* ChillView.swift in Sources */,
				4B4E28662733C4840027F88B /* CharacterView.swift in Sources */,
				4B4E28722733C4D10027F88B /* FishView.swift in Sources */,
				4B4E286F2733C4C00027F88B /* CatView.swift in Sources */,
			);
			runOnlyForDeploymentPostprocessing = 0;
		};
/* End PBXSourcesBuildPhase section */

/* Begin XCBuildConfiguration section */
		4B4E2852273281C50027F88B /* Debug */ = {
			isa = XCBuildConfiguration;
			buildSettings = {
				ALWAYS_SEARCH_USER_PATHS = NO;
				CLANG_ANALYZER_NONNULL = YES;
				CLANG_ANALYZER_NUMBER_OBJECT_CONVERSION = YES_AGGRESSIVE;
				CLANG_CXX_LANGUAGE_STANDARD = "gnu++14";
				CLANG_CXX_LIBRARY = "libc++";
				CLANG_ENABLE_MODULES = YES;
				CLANG_ENABLE_OBJC_ARC = YES;
				CLANG_ENABLE_OBJC_WEAK = YES;
				CLANG_WARN_BLOCK_CAPTURE_AUTORELEASING = YES;
				CLANG_WARN_BOOL_CONVERSION = YES;
				CLANG_WARN_COMMA = YES;
				CLANG_WARN_CONSTANT_CONVERSION = YES;
				CLANG_WARN_DEPRECATED_OBJC_IMPLEMENTATIONS = YES;
				CLANG_WARN_DIRECT_OBJC_ISA_USAGE = YES_ERROR;
				CLANG_WARN_DOCUMENTATION_COMMENTS = YES;
				CLANG_WARN_EMPTY_BODY = YES;
				CLANG_WARN_ENUM_CONVERSION = YES;
				CLANG_WARN_INFINITE_RECURSION = YES;
				CLANG_WARN_INT_CONVERSION = YES;
				CLANG_WARN_NON_LITERAL_NULL_CONVERSION = YES;
				CLANG_WARN_OBJC_IMPLICIT_RETAIN_SELF = YES;
				CLANG_WARN_OBJC_LITERAL_CONVERSION = YES;
				CLANG_WARN_OBJC_ROOT_CLASS = YES_ERROR;
				CLANG_WARN_QUOTED_INCLUDE_IN_FRAMEWORK_HEADER = YES;
				CLANG_WARN_RANGE_LOOP_ANALYSIS = YES;
				CLANG_WARN_STRICT_PROTOTYPES = YES;
				CLANG_WARN_SUSPICIOUS_MOVE = YES;
				CLANG_WARN_UNGUARDED_AVAILABILITY = YES_AGGRESSIVE;
				CLANG_WARN_UNREACHABLE_CODE = YES;
				CLANG_WARN__DUPLICATE_METHOD_MATCH = YES;
				COPY_PHASE_STRIP = NO;
				DEBUG_INFORMATION_FORMAT = dwarf;
				ENABLE_STRICT_OBJC_MSGSEND = YES;
				ENABLE_TESTABILITY = YES;
				GCC_C_LANGUAGE_STANDARD = gnu11;
				GCC_DYNAMIC_NO_PIC = NO;
				GCC_NO_COMMON_BLOCKS = YES;
				GCC_OPTIMIZATION_LEVEL = 0;
				GCC_PREPROCESSOR_DEFINITIONS = (
					"DEBUG=1",
					"$(inherited)",
				);
				GCC_WARN_64_TO_32_BIT_CONVERSION = YES;
				GCC_WARN_ABOUT_RETURN_TYPE = YES_ERROR;
				GCC_WARN_UNDECLARED_SELECTOR = YES;
				GCC_WARN_UNINITIALIZED_AUTOS = YES_AGGRESSIVE;
				GCC_WARN_UNUSED_FUNCTION = YES;
				GCC_WARN_UNUSED_VARIABLE = YES;
				IPHONEOS_DEPLOYMENT_TARGET = 14.4;
				MTL_ENABLE_DEBUG_INFO = INCLUDE_SOURCE;
				MTL_FAST_MATH = YES;
				ONLY_ACTIVE_ARCH = YES;
				SDKROOT = iphoneos;
				SWIFT_ACTIVE_COMPILATION_CONDITIONS = DEBUG;
				SWIFT_OPTIMIZATION_LEVEL = "-Onone";
			};
			name = Debug;
		};
		4B4E2853273281C50027F88B /* Release */ = {
			isa = XCBuildConfiguration;
			buildSettings = {
				ALWAYS_SEARCH_USER_PATHS = NO;
				CLANG_ANALYZER_NONNULL = YES;
				CLANG_ANALYZER_NUMBER_OBJECT_CONVERSION = YES_AGGRESSIVE;
				CLANG_CXX_LANGUAGE_STANDARD = "gnu++14";
				CLANG_CXX_LIBRARY = "libc++";
				CLANG_ENABLE_MODULES = YES;
				CLANG_ENABLE_OBJC_ARC = YES;
				CLANG_ENABLE_OBJC_WEAK = YES;
				CLANG_WARN_BLOCK_CAPTURE_AUTORELEASING = YES;
				CLANG_WARN_BOOL_CONVERSION = YES;
				CLANG_WARN_COMMA = YES;
				CLANG_WARN_CONSTANT_CONVERSION = YES;
				CLANG_WARN_DEPRECATED_OBJC_IMPLEMENTATIONS = YES;
				CLANG_WARN_DIRECT_OBJC_ISA_USAGE = YES_ERROR;
				CLANG_WARN_DOCUMENTATION_COMMENTS = YES;
				CLANG_WARN_EMPTY_BODY = YES;
				CLANG_WARN_ENUM_CONVERSION = YES;
				CLANG_WARN_INFINITE_RECURSION = YES;
				CLANG_WARN_INT_CONVERSION = YES;
				CLANG_WARN_NON_LITERAL_NULL_CONVERSION = YES;
				CLANG_WARN_OBJC_IMPLICIT_RETAIN_SELF = YES;
				CLANG_WARN_OBJC_LITERAL_CONVERSION = YES;
				CLANG_WARN_OBJC_ROOT_CLASS = YES_ERROR;
				CLANG_WARN_QUOTED_INCLUDE_IN_FRAMEWORK_HEADER = YES;
				CLANG_WARN_RANGE_LOOP_ANALYSIS = YES;
				CLANG_WARN_STRICT_PROTOTYPES = YES;
				CLANG_WARN_SUSPICIOUS_MOVE = YES;
				CLANG_WARN_UNGUARDED_AVAILABILITY = YES_AGGRESSIVE;
				CLANG_WARN_UNREACHABLE_CODE = YES;
				CLANG_WARN__DUPLICATE_METHOD_MATCH = YES;
				COPY_PHASE_STRIP = NO;
				DEBUG_INFORMATION_FORMAT = "dwarf-with-dsym";
				ENABLE_NS_ASSERTIONS = NO;
				ENABLE_STRICT_OBJC_MSGSEND = YES;
				GCC_C_LANGUAGE_STANDARD = gnu11;
				GCC_NO_COMMON_BLOCKS = YES;
				GCC_WARN_64_TO_32_BIT_CONVERSION = YES;
				GCC_WARN_ABOUT_RETURN_TYPE = YES_ERROR;
				GCC_WARN_UNDECLARED_SELECTOR = YES;
				GCC_WARN_UNINITIALIZED_AUTOS = YES_AGGRESSIVE;
				GCC_WARN_UNUSED_FUNCTION = YES;
				GCC_WARN_UNUSED_VARIABLE = YES;
				IPHONEOS_DEPLOYMENT_TARGET = 14.4;
				MTL_ENABLE_DEBUG_INFO = NO;
				MTL_FAST_MATH = YES;
				SDKROOT = iphoneos;
				SWIFT_COMPILATION_MODE = wholemodule;
				SWIFT_OPTIMIZATION_LEVEL = "-O";
				VALIDATE_PRODUCT = YES;
			};
			name = Release;
		};
		4B4E2855273281C50027F88B /* Debug */ = {
			isa = XCBuildConfiguration;
			buildSettings = {
				ASSETCATALOG_COMPILER_APPICON_NAME = AppIcon;
				ASSETCATALOG_COMPILER_GLOBAL_ACCENT_COLOR_NAME = AccentColor;
				CODE_SIGN_STYLE = Automatic;
				DEVELOPMENT_ASSET_PATHS = "\"AnotherEden/Preview Content\"";
				DEVELOPMENT_TEAM = 963W6A297N;
				ENABLE_PREVIEWS = YES;
				INFOPLIST_FILE = AnotherEden/Info.plist;
				IPHONEOS_DEPLOYMENT_TARGET = 14.0;
				LD_RUNPATH_SEARCH_PATHS = (
					"$(inherited)",
					"@executable_path/Frameworks",
				);
				PRODUCT_BUNDLE_IDENTIFIER = ytchao.AnotherEden;
				PRODUCT_NAME = "$(TARGET_NAME)";
				SWIFT_VERSION = 5.0;
				TARGETED_DEVICE_FAMILY = "1,2";
			};
			name = Debug;
		};
		4B4E2856273281C50027F88B /* Release */ = {
			isa = XCBuildConfiguration;
			buildSettings = {
				ASSETCATALOG_COMPILER_APPICON_NAME = AppIcon;
				ASSETCATALOG_COMPILER_GLOBAL_ACCENT_COLOR_NAME = AccentColor;
				CODE_SIGN_STYLE = Automatic;
				DEVELOPMENT_ASSET_PATHS = "\"AnotherEden/Preview Content\"";
				DEVELOPMENT_TEAM = 963W6A297N;
				ENABLE_PREVIEWS = YES;
				INFOPLIST_FILE = AnotherEden/Info.plist;
				IPHONEOS_DEPLOYMENT_TARGET = 14.0;
				LD_RUNPATH_SEARCH_PATHS = (
					"$(inherited)",
					"@executable_path/Frameworks",
				);
				PRODUCT_BUNDLE_IDENTIFIER = ytchao.AnotherEden;
				PRODUCT_NAME = "$(TARGET_NAME)";
				SWIFT_VERSION = 5.0;
				TARGETED_DEVICE_FAMILY = "1,2";
			};
			name = Release;
		};
/* End XCBuildConfiguration section */

/* Begin XCConfigurationList section */
		4B4E2840273281BB0027F88B /* Build configuration list for PBXProject "AnotherEden" */ = {
			isa = XCConfigurationList;
			buildConfigurations = (
				4B4E2852273281C50027F88B /* Debug */,
				4B4E2853273281C50027F88B /* Release */,
			);
			defaultConfigurationIsVisible = 0;
			defaultConfigurationName = Release;
		};
		4B4E2854273281C50027F88B /* Build configuration list for PBXNativeTarget "AnotherEden" */ = {
			isa = XCConfigurationList;
			buildConfigurations = (
				4B4E2855273281C50027F88B /* Debug */,
				4B4E2856273281C50027F88B /* Release */,
			);
			defaultConfigurationIsVisible = 0;
			defaultConfigurationName = Release;
		};
/* End XCConfigurationList section */
	};
	rootObject = 4B4E283D273281BB0027F88B /* Project object */;
}
