// !$*UTF8*$!
{
	archiveVersion = 1;
	classes = {
	};
	objectVersion = 52;
	objects = {

/* Begin PBXBuildFile section */
		550284C3277759570074A6D6 /* NovelReaderApp.swift in Sources */ = {isa = PBXBuildFile; fileRef = 550284C2277759570074A6D6 /* NovelReaderApp.swift */; };
		550284C5277759570074A6D6 /* ContentView.swift in Sources */ = {isa = PBXBuildFile; fileRef = 550284C4277759570074A6D6 /* ContentView.swift */; };
		550284C72777595F0074A6D6 /* Assets.xcassets in Resources */ = {isa = PBXBuildFile; fileRef = 550284C62777595F0074A6D6 /* Assets.xcassets */; };
		550284CA2777595F0074A6D6 /* Preview Assets.xcassets in Resources */ = {isa = PBXBuildFile; fileRef = 550284C92777595F0074A6D6 /* Preview Assets.xcassets */; };
		550284CC2777595F0074A6D6 /* Persistence.swift in Sources */ = {isa = PBXBuildFile; fileRef = 550284CB2777595F0074A6D6 /* Persistence.swift */; };
		550284CF2777595F0074A6D6 /* NovelReader.xcdatamodeld in Sources */ = {isa = PBXBuildFile; fileRef = 550284CD2777595F0074A6D6 /* NovelReader.xcdatamodeld */; };
		550284DC277759F10074A6D6 /* CoreDataTestView.swift in Sources */ = {isa = PBXBuildFile; fileRef = 550284DB277759F10074A6D6 /* CoreDataTestView.swift */; };
		550284E027775AF40074A6D6 /* KeepView.swift in Sources */ = {isa = PBXBuildFile; fileRef = 550284DF27775AF40074A6D6 /* KeepView.swift */; };
		550284E427775B850074A6D6 /* SwiftDown in Frameworks */ = {isa = PBXBuildFile; productRef = 550284E327775B850074A6D6 /* SwiftDown */; };
		550284E727775C040074A6D6 /* CommantEditView.swift in Sources */ = {isa = PBXBuildFile; fileRef = 550284E627775C040074A6D6 /* CommantEditView.swift */; };
		550284EB27775CAD0074A6D6 /* WebNovelFetcher.swift in Sources */ = {isa = PBXBuildFile; fileRef = 550284EA27775CAD0074A6D6 /* WebNovelFetcher.swift */; };
		550284EE27775DC90074A6D6 /* Novel.swift in Sources */ = {isa = PBXBuildFile; fileRef = 550284ED27775DC90074A6D6 /* Novel.swift */; };
		594861462777687E00D4FA31 /* WebView.swift in Sources */ = {isa = PBXBuildFile; fileRef = 594861452777687E00D4FA31 /* WebView.swift */; };
		5948614A27776B5400D4FA31 /* ClassView.swift in Sources */ = {isa = PBXBuildFile; fileRef = 5948614927776B5400D4FA31 /* ClassView.swift */; };
		5948614D27776D4F00D4FA31 /* BookView.swift in Sources */ = {isa = PBXBuildFile; fileRef = 5948614C27776D4F00D4FA31 /* BookView.swift */; };
		59486152277774F800D4FA31 /* Kingfisher in Frameworks */ = {isa = PBXBuildFile; productRef = 59486151277774F800D4FA31 /* Kingfisher */; };
		59A2B17D2777AD2400D08B3D /* NovelView.swift in Sources */ = {isa = PBXBuildFile; fileRef = 59A2B17C2777AD2400D08B3D /* NovelView.swift */; };
		59A2B1812777AD5700D08B3D /* NovelIntroView.swift in Sources */ = {isa = PBXBuildFile; fileRef = 59A2B1802777AD5700D08B3D /* NovelIntroView.swift */; };
		59FE1B952777797F007E5F50 /* NovelContentView.swift in Sources */ = {isa = PBXBuildFile; fileRef = 59FE1B942777797F007E5F50 /* NovelContentView.swift */; };
		59FE1B9827777DB9007E5F50 /* ChapterView.swift in Sources */ = {isa = PBXBuildFile; fileRef = 59FE1B9727777DB9007E5F50 /* ChapterView.swift */; };
/* End PBXBuildFile section */

/* Begin PBXFileReference section */
		550284BF277759570074A6D6 /* NovelReader.app */ = {isa = PBXFileReference; explicitFileType = wrapper.application; includeInIndex = 0; path = NovelReader.app; sourceTree = BUILT_PRODUCTS_DIR; };
		550284C2277759570074A6D6 /* NovelReaderApp.swift */ = {isa = PBXFileReference; lastKnownFileType = sourcecode.swift; path = NovelReaderApp.swift; sourceTree = "<group>"; };
		550284C4277759570074A6D6 /* ContentView.swift */ = {isa = PBXFileReference; lastKnownFileType = sourcecode.swift; path = ContentView.swift; sourceTree = "<group>"; };
		550284C62777595F0074A6D6 /* Assets.xcassets */ = {isa = PBXFileReference; lastKnownFileType = folder.assetcatalog; path = Assets.xcassets; sourceTree = "<group>"; };
		550284C92777595F0074A6D6 /* Preview Assets.xcassets */ = {isa = PBXFileReference; lastKnownFileType = folder.assetcatalog; path = "Preview Assets.xcassets"; sourceTree = "<group>"; };
		550284CB2777595F0074A6D6 /* Persistence.swift */ = {isa = PBXFileReference; lastKnownFileType = sourcecode.swift; path = Persistence.swift; sourceTree = "<group>"; };
		550284CE2777595F0074A6D6 /* NovelReader.xcdatamodel */ = {isa = PBXFileReference; lastKnownFileType = wrapper.xcdatamodel; path = NovelReader.xcdatamodel; sourceTree = "<group>"; };
		550284D02777595F0074A6D6 /* Info.plist */ = {isa = PBXFileReference; lastKnownFileType = text.plist.xml; path = Info.plist; sourceTree = "<group>"; };
		550284DB277759F10074A6D6 /* CoreDataTestView.swift */ = {isa = PBXFileReference; lastKnownFileType = sourcecode.swift; path = CoreDataTestView.swift; sourceTree = "<group>"; };
		550284DF27775AF40074A6D6 /* KeepView.swift */ = {isa = PBXFileReference; lastKnownFileType = sourcecode.swift; path = KeepView.swift; sourceTree = "<group>"; };
		550284E627775C040074A6D6 /* CommantEditView.swift */ = {isa = PBXFileReference; lastKnownFileType = sourcecode.swift; path = CommantEditView.swift; sourceTree = "<group>"; };
		550284EA27775CAD0074A6D6 /* WebNovelFetcher.swift */ = {isa = PBXFileReference; lastKnownFileType = sourcecode.swift; path = WebNovelFetcher.swift; sourceTree = "<group>"; };
		550284ED27775DC90074A6D6 /* Novel.swift */ = {isa = PBXFileReference; lastKnownFileType = sourcecode.swift; path = Novel.swift; sourceTree = "<group>"; };
		594861452777687E00D4FA31 /* WebView.swift */ = {isa = PBXFileReference; lastKnownFileType = sourcecode.swift; path = WebView.swift; sourceTree = "<group>"; };
		5948614927776B5400D4FA31 /* ClassView.swift */ = {isa = PBXFileReference; lastKnownFileType = sourcecode.swift; path = ClassView.swift; sourceTree = "<group>"; };
		5948614C27776D4F00D4FA31 /* BookView.swift */ = {isa = PBXFileReference; lastKnownFileType = sourcecode.swift; path = BookView.swift; sourceTree = "<group>"; };
		59A2B17C2777AD2400D08B3D /* NovelView.swift */ = {isa = PBXFileReference; lastKnownFileType = sourcecode.swift; path = NovelView.swift; sourceTree = "<group>"; };
		59A2B1802777AD5700D08B3D /* NovelIntroView.swift */ = {isa = PBXFileReference; lastKnownFileType = sourcecode.swift; path = NovelIntroView.swift; sourceTree = "<group>"; };
		59FE1B942777797F007E5F50 /* NovelContentView.swift */ = {isa = PBXFileReference; lastKnownFileType = sourcecode.swift; path = NovelContentView.swift; sourceTree = "<group>"; };
		59FE1B9727777DB9007E5F50 /* ChapterView.swift */ = {isa = PBXFileReference; lastKnownFileType = sourcecode.swift; path = ChapterView.swift; sourceTree = "<group>"; };
/* End PBXFileReference section */

/* Begin PBXFrameworksBuildPhase section */
		550284BC277759570074A6D6 /* Frameworks */ = {
			isa = PBXFrameworksBuildPhase;
			buildActionMask = 2147483647;
			files = (
				59486152277774F800D4FA31 /* Kingfisher in Frameworks */,
				550284E427775B850074A6D6 /* SwiftDown in Frameworks */,
			);
			runOnlyForDeploymentPostprocessing = 0;
		};
/* End PBXFrameworksBuildPhase section */

/* Begin PBXGroup section */
		550284B6277759570074A6D6 = {
			isa = PBXGroup;
			children = (
				550284C1277759570074A6D6 /* NovelReader */,
				550284C0277759570074A6D6 /* Products */,
			);
			sourceTree = "<group>";
		};
		550284C0277759570074A6D6 /* Products */ = {
			isa = PBXGroup;
			children = (
				550284BF277759570074A6D6 /* NovelReader.app */,
			);
			name = Products;
			sourceTree = "<group>";
		};
		550284C1277759570074A6D6 /* NovelReader */ = {
			isa = PBXGroup;
			children = (
				550284C2277759570074A6D6 /* NovelReaderApp.swift */,
				550284CB2777595F0074A6D6 /* Persistence.swift */,
				550284D9277759AE0074A6D6 /* view-models */,
				550284D8277759A90074A6D6 /* models */,
				550284D7277759A20074A6D6 /* views */,
				550284C62777595F0074A6D6 /* Assets.xcassets */,
				550284D02777595F0074A6D6 /* Info.plist */,
				550284CD2777595F0074A6D6 /* NovelReader.xcdatamodeld */,
				550284C82777595F0074A6D6 /* Preview Content */,
			);
			path = NovelReader;
			sourceTree = "<group>";
		};
		550284C82777595F0074A6D6 /* Preview Content */ = {
			isa = PBXGroup;
			children = (
				550284C92777595F0074A6D6 /* Preview Assets.xcassets */,
			);
			path = "Preview Content";
			sourceTree = "<group>";
		};
		550284D7277759A20074A6D6 /* views */ = {
			isa = PBXGroup;
			children = (
				550284C4277759570074A6D6 /* ContentView.swift */,
				550284DF27775AF40074A6D6 /* KeepView.swift */,
				59E7793F2777BE9700697F6F /* Web */,
				550284DB277759F10074A6D6 /* CoreDataTestView.swift */,
			);
			path = views;
			sourceTree = "<group>";
		};
		550284D8277759A90074A6D6 /* models */ = {
			isa = PBXGroup;
			children = (
				550284ED27775DC90074A6D6 /* Novel.swift */,
			);
			path = models;
			sourceTree = "<group>";
		};
		550284D9277759AE0074A6D6 /* view-models */ = {
			isa = PBXGroup;
			children = (
				550284EA27775CAD0074A6D6 /* WebNovelFetcher.swift */,
			);
			path = "view-models";
			sourceTree = "<group>";
		};
		59E7793F2777BE9700697F6F /* Web */ = {
			isa = PBXGroup;
			children = (
				594861452777687E00D4FA31 /* WebView.swift */,
				5948614927776B5400D4FA31 /* ClassView.swift */,
				5948614C27776D4F00D4FA31 /* BookView.swift */,
				59A2B17C2777AD2400D08B3D /* NovelView.swift */,
				59A2B1802777AD5700D08B3D /* NovelIntroView.swift */,
				550284E627775C040074A6D6 /* CommantEditView.swift */,
				59FE1B942777797F007E5F50 /* NovelContentView.swift */,
				59FE1B9727777DB9007E5F50 /* ChapterView.swift */,
			);
			path = Web;
			sourceTree = "<group>";
		};
/* End PBXGroup section */

/* Begin PBXNativeTarget section */
		550284BE277759570074A6D6 /* NovelReader */ = {
			isa = PBXNativeTarget;
			buildConfigurationList = 550284D32777595F0074A6D6 /* Build configuration list for PBXNativeTarget "NovelReader" */;
			buildPhases = (
				550284BB277759570074A6D6 /* Sources */,
				550284BC277759570074A6D6 /* Frameworks */,
				550284BD277759570074A6D6 /* Resources */,
			);
			buildRules = (
			);
			dependencies = (
			);
			name = NovelReader;
			packageProductDependencies = (
				550284E327775B850074A6D6 /* SwiftDown */,
				59486151277774F800D4FA31 /* Kingfisher */,
			);
			productName = NovelReader;
			productReference = 550284BF277759570074A6D6 /* NovelReader.app */;
			productType = "com.apple.product-type.application";
		};
/* End PBXNativeTarget section */

/* Begin PBXProject section */
		550284B7277759570074A6D6 /* Project object */ = {
			isa = PBXProject;
			attributes = {
				LastSwiftUpdateCheck = 1240;
				LastUpgradeCheck = 1240;
				TargetAttributes = {
					550284BE277759570074A6D6 = {
						CreatedOnToolsVersion = 12.4;
					};
				};
			};
			buildConfigurationList = 550284BA277759570074A6D6 /* Build configuration list for PBXProject "NovelReader" */;
			compatibilityVersion = "Xcode 9.3";
			developmentRegion = en;
			hasScannedForEncodings = 0;
			knownRegions = (
				en,
				Base,
			);
			mainGroup = 550284B6277759570074A6D6;
			packageReferences = (
				550284E227775B850074A6D6 /* XCRemoteSwiftPackageReference "SwiftDown" */,
				59486150277774F800D4FA31 /* XCRemoteSwiftPackageReference "Kingfisher" */,
			);
			productRefGroup = 550284C0277759570074A6D6 /* Products */;
			projectDirPath = "";
			projectRoot = "";
			targets = (
				550284BE277759570074A6D6 /* NovelReader */,
			);
		};
/* End PBXProject section */

/* Begin PBXResourcesBuildPhase section */
		550284BD277759570074A6D6 /* Resources */ = {
			isa = PBXResourcesBuildPhase;
			buildActionMask = 2147483647;
			files = (
				550284CA2777595F0074A6D6 /* Preview Assets.xcassets in Resources */,
				550284C72777595F0074A6D6 /* Assets.xcassets in Resources */,
			);
			runOnlyForDeploymentPostprocessing = 0;
		};
/* End PBXResourcesBuildPhase section */

/* Begin PBXSourcesBuildPhase section */
		550284BB277759570074A6D6 /* Sources */ = {
			isa = PBXSourcesBuildPhase;
			buildActionMask = 2147483647;
			files = (
				550284CC2777595F0074A6D6 /* Persistence.swift in Sources */,
				550284E727775C040074A6D6 /* CommantEditView.swift in Sources */,
				59FE1B9827777DB9007E5F50 /* ChapterView.swift in Sources */,
				550284DC277759F10074A6D6 /* CoreDataTestView.swift in Sources */,
				5948614D27776D4F00D4FA31 /* BookView.swift in Sources */,
				550284EE27775DC90074A6D6 /* Novel.swift in Sources */,
				550284EB27775CAD0074A6D6 /* WebNovelFetcher.swift in Sources */,
				550284C5277759570074A6D6 /* ContentView.swift in Sources */,
				550284C3277759570074A6D6 /* NovelReaderApp.swift in Sources */,
				59A2B17D2777AD2400D08B3D /* NovelView.swift in Sources */,
				59A2B1812777AD5700D08B3D /* NovelIntroView.swift in Sources */,
				594861462777687E00D4FA31 /* WebView.swift in Sources */,
				550284CF2777595F0074A6D6 /* NovelReader.xcdatamodeld in Sources */,
				59FE1B952777797F007E5F50 /* NovelContentView.swift in Sources */,
				550284E027775AF40074A6D6 /* KeepView.swift in Sources */,
				5948614A27776B5400D4FA31 /* ClassView.swift in Sources */,
			);
			runOnlyForDeploymentPostprocessing = 0;
		};
/* End PBXSourcesBuildPhase section */

/* Begin XCBuildConfiguration section */
		550284D12777595F0074A6D6 /* Debug */ = {
			isa = XCBuildConfiguration;
			buildSettings = {
				ALWAYS_SEARCH_USER_PATHS = NO;
				CLANG_ANALYZER_NONNULL = YES;
				CLANG_ANALYZER_NUMBER_OBJECT_CONVERSION = YES_AGGRESSIVE;
				CLANG_CXX_LANGUAGE_STANDARD = "gnu++14";
				CLANG_CXX_LIBRARY = "libc++";
				CLANG_ENABLE_MODULES = YES;
				CLANG_ENABLE_OBJC_ARC = YES;
				CLANG_ENABLE_OBJC_WEAK = YES;
				CLANG_WARN_BLOCK_CAPTURE_AUTORELEASING = YES;
				CLANG_WARN_BOOL_CONVERSION = YES;
				CLANG_WARN_COMMA = YES;
				CLANG_WARN_CONSTANT_CONVERSION = YES;
				CLANG_WARN_DEPRECATED_OBJC_IMPLEMENTATIONS = YES;
				CLANG_WARN_DIRECT_OBJC_ISA_USAGE = YES_ERROR;
				CLANG_WARN_DOCUMENTATION_COMMENTS = YES;
				CLANG_WARN_EMPTY_BODY = YES;
				CLANG_WARN_ENUM_CONVERSION = YES;
				CLANG_WARN_INFINITE_RECURSION = YES;
				CLANG_WARN_INT_CONVERSION = YES;
				CLANG_WARN_NON_LITERAL_NULL_CONVERSION = YES;
				CLANG_WARN_OBJC_IMPLICIT_RETAIN_SELF = YES;
				CLANG_WARN_OBJC_LITERAL_CONVERSION = YES;
				CLANG_WARN_OBJC_ROOT_CLASS = YES_ERROR;
				CLANG_WARN_QUOTED_INCLUDE_IN_FRAMEWORK_HEADER = YES;
				CLANG_WARN_RANGE_LOOP_ANALYSIS = YES;
				CLANG_WARN_STRICT_PROTOTYPES = YES;
				CLANG_WARN_SUSPICIOUS_MOVE = YES;
				CLANG_WARN_UNGUARDED_AVAILABILITY = YES_AGGRESSIVE;
				CLANG_WARN_UNREACHABLE_CODE = YES;
				CLANG_WARN__DUPLICATE_METHOD_MATCH = YES;
				COPY_PHASE_STRIP = NO;
				DEBUG_INFORMATION_FORMAT = dwarf;
				ENABLE_STRICT_OBJC_MSGSEND = YES;
				ENABLE_TESTABILITY = YES;
				GCC_C_LANGUAGE_STANDARD = gnu11;
				GCC_DYNAMIC_NO_PIC = NO;
				GCC_NO_COMMON_BLOCKS = YES;
				GCC_OPTIMIZATION_LEVEL = 0;
				GCC_PREPROCESSOR_DEFINITIONS = (
					"DEBUG=1",
					"$(inherited)",
				);
				GCC_WARN_64_TO_32_BIT_CONVERSION = YES;
				GCC_WARN_ABOUT_RETURN_TYPE = YES_ERROR;
				GCC_WARN_UNDECLARED_SELECTOR = YES;
				GCC_WARN_UNINITIALIZED_AUTOS = YES_AGGRESSIVE;
				GCC_WARN_UNUSED_FUNCTION = YES;
				GCC_WARN_UNUSED_VARIABLE = YES;
				IPHONEOS_DEPLOYMENT_TARGET = 14.4;
				MTL_ENABLE_DEBUG_INFO = INCLUDE_SOURCE;
				MTL_FAST_MATH = YES;
				ONLY_ACTIVE_ARCH = YES;
				SDKROOT = iphoneos;
				SWIFT_ACTIVE_COMPILATION_CONDITIONS = DEBUG;
				SWIFT_OPTIMIZATION_LEVEL = "-Onone";
			};
			name = Debug;
		};
		550284D22777595F0074A6D6 /* Release */ = {
			isa = XCBuildConfiguration;
			buildSettings = {
				ALWAYS_SEARCH_USER_PATHS = NO;
				CLANG_ANALYZER_NONNULL = YES;
				CLANG_ANALYZER_NUMBER_OBJECT_CONVERSION = YES_AGGRESSIVE;
				CLANG_CXX_LANGUAGE_STANDARD = "gnu++14";
				CLANG_CXX_LIBRARY = "libc++";
				CLANG_ENABLE_MODULES = YES;
				CLANG_ENABLE_OBJC_ARC = YES;
				CLANG_ENABLE_OBJC_WEAK = YES;
				CLANG_WARN_BLOCK_CAPTURE_AUTORELEASING = YES;
				CLANG_WARN_BOOL_CONVERSION = YES;
				CLANG_WARN_COMMA = YES;
				CLANG_WARN_CONSTANT_CONVERSION = YES;
				CLANG_WARN_DEPRECATED_OBJC_IMPLEMENTATIONS = YES;
				CLANG_WARN_DIRECT_OBJC_ISA_USAGE = YES_ERROR;
				CLANG_WARN_DOCUMENTATION_COMMENTS = YES;
				CLANG_WARN_EMPTY_BODY = YES;
				CLANG_WARN_ENUM_CONVERSION = YES;
				CLANG_WARN_INFINITE_RECURSION = YES;
				CLANG_WARN_INT_CONVERSION = YES;
				CLANG_WARN_NON_LITERAL_NULL_CONVERSION = YES;
				CLANG_WARN_OBJC_IMPLICIT_RETAIN_SELF = YES;
				CLANG_WARN_OBJC_LITERAL_CONVERSION = YES;
				CLANG_WARN_OBJC_ROOT_CLASS = YES_ERROR;
				CLANG_WARN_QUOTED_INCLUDE_IN_FRAMEWORK_HEADER = YES;
				CLANG_WARN_RANGE_LOOP_ANALYSIS = YES;
				CLANG_WARN_STRICT_PROTOTYPES = YES;
				CLANG_WARN_SUSPICIOUS_MOVE = YES;
				CLANG_WARN_UNGUARDED_AVAILABILITY = YES_AGGRESSIVE;
				CLANG_WARN_UNREACHABLE_CODE = YES;
				CLANG_WARN__DUPLICATE_METHOD_MATCH = YES;
				COPY_PHASE_STRIP = NO;
				DEBUG_INFORMATION_FORMAT = "dwarf-with-dsym";
				ENABLE_NS_ASSERTIONS = NO;
				ENABLE_STRICT_OBJC_MSGSEND = YES;
				GCC_C_LANGUAGE_STANDARD = gnu11;
				GCC_NO_COMMON_BLOCKS = YES;
				GCC_WARN_64_TO_32_BIT_CONVERSION = YES;
				GCC_WARN_ABOUT_RETURN_TYPE = YES_ERROR;
				GCC_WARN_UNDECLARED_SELECTOR = YES;
				GCC_WARN_UNINITIALIZED_AUTOS = YES_AGGRESSIVE;
				GCC_WARN_UNUSED_FUNCTION = YES;
				GCC_WARN_UNUSED_VARIABLE = YES;
				IPHONEOS_DEPLOYMENT_TARGET = 14.4;
				MTL_ENABLE_DEBUG_INFO = NO;
				MTL_FAST_MATH = YES;
				SDKROOT = iphoneos;
				SWIFT_COMPILATION_MODE = wholemodule;
				SWIFT_OPTIMIZATION_LEVEL = "-O";
				VALIDATE_PRODUCT = YES;
			};
			name = Release;
		};
		550284D42777595F0074A6D6 /* Debug */ = {
			isa = XCBuildConfiguration;
			buildSettings = {
				ASSETCATALOG_COMPILER_APPICON_NAME = AppIcon;
				ASSETCATALOG_COMPILER_GLOBAL_ACCENT_COLOR_NAME = AccentColor;
				CODE_SIGN_STYLE = Automatic;
				DEVELOPMENT_ASSET_PATHS = "\"NovelReader/Preview Content\"";
				ENABLE_PREVIEWS = YES;
				INFOPLIST_FILE = NovelReader/Info.plist;
				IPHONEOS_DEPLOYMENT_TARGET = 14.0;
				LD_RUNPATH_SEARCH_PATHS = (
					"$(inherited)",
					"@executable_path/Frameworks",
				);
				PRODUCT_BUNDLE_IDENTIFIER = com.ytchao.NovelReader;
				PRODUCT_NAME = "$(TARGET_NAME)";
				SWIFT_VERSION = 5.0;
				TARGETED_DEVICE_FAMILY = "1,2";
			};
			name = Debug;
		};
		550284D52777595F0074A6D6 /* Release */ = {
			isa = XCBuildConfiguration;
			buildSettings = {
				ASSETCATALOG_COMPILER_APPICON_NAME = AppIcon;
				ASSETCATALOG_COMPILER_GLOBAL_ACCENT_COLOR_NAME = AccentColor;
				CODE_SIGN_STYLE = Automatic;
				DEVELOPMENT_ASSET_PATHS = "\"NovelReader/Preview Content\"";
				ENABLE_PREVIEWS = YES;
				INFOPLIST_FILE = NovelReader/Info.plist;
				IPHONEOS_DEPLOYMENT_TARGET = 14.0;
				LD_RUNPATH_SEARCH_PATHS = (
					"$(inherited)",
					"@executable_path/Frameworks",
				);
				PRODUCT_BUNDLE_IDENTIFIER = com.ytchao.NovelReader;
				PRODUCT_NAME = "$(TARGET_NAME)";
				SWIFT_VERSION = 5.0;
				TARGETED_DEVICE_FAMILY = "1,2";
			};
			name = Release;
		};
/* End XCBuildConfiguration section */

/* Begin XCConfigurationList section */
		550284BA277759570074A6D6 /* Build configuration list for PBXProject "NovelReader" */ = {
			isa = XCConfigurationList;
			buildConfigurations = (
				550284D12777595F0074A6D6 /* Debug */,
				550284D22777595F0074A6D6 /* Release */,
			);
			defaultConfigurationIsVisible = 0;
			defaultConfigurationName = Release;
		};
		550284D32777595F0074A6D6 /* Build configuration list for PBXNativeTarget "NovelReader" */ = {
			isa = XCConfigurationList;
			buildConfigurations = (
				550284D42777595F0074A6D6 /* Debug */,
				550284D52777595F0074A6D6 /* Release */,
			);
			defaultConfigurationIsVisible = 0;
			defaultConfigurationName = Release;
		};
/* End XCConfigurationList section */

/* Begin XCRemoteSwiftPackageReference section */
		550284E227775B850074A6D6 /* XCRemoteSwiftPackageReference "SwiftDown" */ = {
			isa = XCRemoteSwiftPackageReference;
			repositoryURL = "https://github.com/qeude/SwiftDown.git";
			requirement = {
				kind = upToNextMajorVersion;
				minimumVersion = 0.2.0;
			};
		};
		59486150277774F800D4FA31 /* XCRemoteSwiftPackageReference "Kingfisher" */ = {
			isa = XCRemoteSwiftPackageReference;
			repositoryURL = "https://github.com/onevcat/Kingfisher";
			requirement = {
				kind = upToNextMajorVersion;
				minimumVersion = 7.1.2;
			};
		};
/* End XCRemoteSwiftPackageReference section */

/* Begin XCSwiftPackageProductDependency section */
		550284E327775B850074A6D6 /* SwiftDown */ = {
			isa = XCSwiftPackageProductDependency;
			package = 550284E227775B850074A6D6 /* XCRemoteSwiftPackageReference "SwiftDown" */;
			productName = SwiftDown;
		};
		59486151277774F800D4FA31 /* Kingfisher */ = {
			isa = XCSwiftPackageProductDependency;
			package = 59486150277774F800D4FA31 /* XCRemoteSwiftPackageReference "Kingfisher" */;
			productName = Kingfisher;
		};
/* End XCSwiftPackageProductDependency section */

/* Begin XCVersionGroup section */
		550284CD2777595F0074A6D6 /* NovelReader.xcdatamodeld */ = {
			isa = XCVersionGroup;
			children = (
				550284CE2777595F0074A6D6 /* NovelReader.xcdatamodel */,
			);
			currentVersion = 550284CE2777595F0074A6D6 /* NovelReader.xcdatamodel */;
			path = NovelReader.xcdatamodeld;
			sourceTree = "<group>";
			versionGroupType = wrapper.xcdatamodel;
		};
/* End XCVersionGroup section */
	};
	rootObject = 550284B7277759570074A6D6 /* Project object */;
}
