// !$*UTF8*$!
{
	archiveVersion = 1;
	classes = {
	};
	objectVersion = 55;
	objects = {

/* Begin PBXBuildFile section */
		030578AC278C889F006442AD /* WebListsView.swift in Sources */ = {isa = PBXBuildFile; fileRef = 030578AB278C889F006442AD /* WebListsView.swift */; };
		03288B9A278ECB9C0011F531 /* NovelMenuView.swift in Sources */ = {isa = PBXBuildFile; fileRef = 03288B99278ECB9C0011F531 /* NovelMenuView.swift */; };
		03288B9C278ECBCA0011F531 /* NovelIntroView.swift in Sources */ = {isa = PBXBuildFile; fileRef = 03288B9B278ECBCA0011F531 /* NovelIntroView.swift */; };
		03288B9F278ECFA20011F531 /* SwiftDown in Frameworks */ = {isa = PBXBuildFile; productRef = 03288B9E278ECFA20011F531 /* SwiftDown */; };
		03288BA127901CF80011F531 /* NovelContentView.swift in Sources */ = {isa = PBXBuildFile; fileRef = 03288BA027901CF80011F531 /* NovelContentView.swift */; };
		03288BA32795BE080011F531 /* FindBookView.swift in Sources */ = {isa = PBXBuildFile; fileRef = 03288BA22795BE080011F531 /* FindBookView.swift */; };
		03288BA52795F3860011F531 /* KeepView.swift in Sources */ = {isa = PBXBuildFile; fileRef = 03288BA42795F3860011F531 /* KeepView.swift */; };
		03349FF427856FFB003DE885 /* NovelReaderApp.swift in Sources */ = {isa = PBXBuildFile; fileRef = 03349FF327856FFA003DE885 /* NovelReaderApp.swift */; };
		03349FF627856FFB003DE885 /* CoreDataTestView.swift in Sources */ = {isa = PBXBuildFile; fileRef = 03349FF527856FFB003DE885 /* CoreDataTestView.swift */; };
		03349FF827857001003DE885 /* Assets.xcassets in Resources */ = {isa = PBXBuildFile; fileRef = 03349FF727857001003DE885 /* Assets.xcassets */; };
		03349FFB27857001003DE885 /* Preview Assets.xcassets in Resources */ = {isa = PBXBuildFile; fileRef = 03349FFA27857001003DE885 /* Preview Assets.xcassets */; };
		03349FFD27857001003DE885 /* Persistence.swift in Sources */ = {isa = PBXBuildFile; fileRef = 03349FFC27857001003DE885 /* Persistence.swift */; };
		0334A00027857001003DE885 /* NovelReader.xcdatamodeld in Sources */ = {isa = PBXBuildFile; fileRef = 03349FFE27857001003DE885 /* NovelReader.xcdatamodeld */; };
		0334A00727857D80003DE885 /* ContentView.swift in Sources */ = {isa = PBXBuildFile; fileRef = 0334A00627857D80003DE885 /* ContentView.swift */; };
		0334A00E27857E25003DE885 /* WebNovelFetcher.swift in Sources */ = {isa = PBXBuildFile; fileRef = 0334A00D27857E25003DE885 /* WebNovelFetcher.swift */; };
		0334A01027857E42003DE885 /* KeepViewModel.swift in Sources */ = {isa = PBXBuildFile; fileRef = 0334A00F27857E42003DE885 /* KeepViewModel.swift */; };
		0334A01427858093003DE885 /* BackgroundViewModel.swift in Sources */ = {isa = PBXBuildFile; fileRef = 0334A01327858093003DE885 /* BackgroundViewModel.swift */; };
		0334A016278580AF003DE885 /* Background.swift in Sources */ = {isa = PBXBuildFile; fileRef = 0334A015278580AF003DE885 /* Background.swift */; };
		03700D0127A111D4006D25A8 /* Swifter in Frameworks */ = {isa = PBXBuildFile; productRef = 03700D0027A111D4006D25A8 /* Swifter */; };
		039DFA9D27971A33002162E0 /* WidgetKit.framework in Frameworks */ = {isa = PBXBuildFile; fileRef = 039DFA9C27971A33002162E0 /* WidgetKit.framework */; };
		039DFA9F27971A33002162E0 /* SwiftUI.framework in Frameworks */ = {isa = PBXBuildFile; fileRef = 039DFA9E27971A33002162E0 /* SwiftUI.framework */; };
		039DFAA227971A33002162E0 /* NovelReaderWidget.swift in Sources */ = {isa = PBXBuildFile; fileRef = 039DFAA127971A33002162E0 /* NovelReaderWidget.swift */; };
		039DFAA427971A37002162E0 /* Assets.xcassets in Resources */ = {isa = PBXBuildFile; fileRef = 039DFAA327971A37002162E0 /* Assets.xcassets */; };
		039DFAA827971A37002162E0 /* NovelReaderWidgetExtension.appex in Embed App Extensions */ = {isa = PBXBuildFile; fileRef = 039DFA9A27971A33002162E0 /* NovelReaderWidgetExtension.appex */; settings = {ATTRIBUTES = (RemoveHeadersOnCopy, ); }; };
		039DFAB527971D5F002162E0 /* Novel.swift in Sources */ = {isa = PBXBuildFile; fileRef = 039DFAB427971D5F002162E0 /* Novel.swift */; };
		039DFAB627971D5F002162E0 /* Novel.swift in Sources */ = {isa = PBXBuildFile; fileRef = 039DFAB427971D5F002162E0 /* Novel.swift */; };
		03DF94E327975AA7000BDC26 /* ShareView.swift in Sources */ = {isa = PBXBuildFile; fileRef = 03DF94E227975AA7000BDC26 /* ShareView.swift */; };
		03F82306278DB0FD00D31254 /* RatingView.swift in Sources */ = {isa = PBXBuildFile; fileRef = 03F82305278DB0FD00D31254 /* RatingView.swift */; };
		03F82308278DBBA400D31254 /* NovelView.swift in Sources */ = {isa = PBXBuildFile; fileRef = 03F82307278DBBA400D31254 /* NovelView.swift */; };
/* End PBXBuildFile section */

/* Begin PBXContainerItemProxy section */
		039DFAA627971A37002162E0 /* PBXContainerItemProxy */ = {
			isa = PBXContainerItemProxy;
			containerPortal = 03349FE827856FFA003DE885 /* Project object */;
			proxyType = 1;
			remoteGlobalIDString = 039DFA9927971A33002162E0;
			remoteInfo = NovelReaderWidgetExtension;
		};
/* End PBXContainerItemProxy section */

/* Begin PBXCopyFilesBuildPhase section */
		039DFAAC27971A37002162E0 /* Embed App Extensions */ = {
			isa = PBXCopyFilesBuildPhase;
			buildActionMask = 2147483647;
			dstPath = "";
			dstSubfolderSpec = 13;
			files = (
				039DFAA827971A37002162E0 /* NovelReaderWidgetExtension.appex in Embed App Extensions */,
			);
			name = "Embed App Extensions";
			runOnlyForDeploymentPostprocessing = 0;
		};
/* End PBXCopyFilesBuildPhase section */

/* Begin PBXFileReference section */
		030578AB278C889F006442AD /* WebListsView.swift */ = {isa = PBXFileReference; lastKnownFileType = sourcecode.swift; path = WebListsView.swift; sourceTree = "<group>"; };
		03288B99278ECB9C0011F531 /* NovelMenuView.swift */ = {isa = PBXFileReference; lastKnownFileType = sourcecode.swift; path = NovelMenuView.swift; sourceTree = "<group>"; };
		03288B9B278ECBCA0011F531 /* NovelIntroView.swift */ = {isa = PBXFileReference; lastKnownFileType = sourcecode.swift; path = NovelIntroView.swift; sourceTree = "<group>"; };
		03288BA027901CF80011F531 /* NovelContentView.swift */ = {isa = PBXFileReference; lastKnownFileType = sourcecode.swift; path = NovelContentView.swift; sourceTree = "<group>"; };
		03288BA22795BE080011F531 /* FindBookView.swift */ = {isa = PBXFileReference; lastKnownFileType = sourcecode.swift; path = FindBookView.swift; sourceTree = "<group>"; };
		03288BA42795F3860011F531 /* KeepView.swift */ = {isa = PBXFileReference; lastKnownFileType = sourcecode.swift; path = KeepView.swift; sourceTree = "<group>"; };
		03349FF027856FFA003DE885 /* NovelReader.app */ = {isa = PBXFileReference; explicitFileType = wrapper.application; includeInIndex = 0; path = NovelReader.app; sourceTree = BUILT_PRODUCTS_DIR; };
		03349FF327856FFA003DE885 /* NovelReaderApp.swift */ = {isa = PBXFileReference; lastKnownFileType = sourcecode.swift; path = NovelReaderApp.swift; sourceTree = "<group>"; };
		03349FF527856FFB003DE885 /* CoreDataTestView.swift */ = {isa = PBXFileReference; lastKnownFileType = sourcecode.swift; path = CoreDataTestView.swift; sourceTree = "<group>"; };
		03349FF727857001003DE885 /* Assets.xcassets */ = {isa = PBXFileReference; lastKnownFileType = folder.assetcatalog; path = Assets.xcassets; sourceTree = "<group>"; };
		03349FFA27857001003DE885 /* Preview Assets.xcassets */ = {isa = PBXFileReference; lastKnownFileType = folder.assetcatalog; path = "Preview Assets.xcassets"; sourceTree = "<group>"; };
		03349FFC27857001003DE885 /* Persistence.swift */ = {isa = PBXFileReference; lastKnownFileType = sourcecode.swift; path = Persistence.swift; sourceTree = "<group>"; };
		03349FFF27857001003DE885 /* NovelReader.xcdatamodel */ = {isa = PBXFileReference; lastKnownFileType = wrapper.xcdatamodel; path = NovelReader.xcdatamodel; sourceTree = "<group>"; };
		0334A00627857D80003DE885 /* ContentView.swift */ = {isa = PBXFileReference; lastKnownFileType = sourcecode.swift; path = ContentView.swift; sourceTree = "<group>"; };
		0334A00D27857E25003DE885 /* WebNovelFetcher.swift */ = {isa = PBXFileReference; lastKnownFileType = sourcecode.swift; path = WebNovelFetcher.swift; sourceTree = "<group>"; };
		0334A00F27857E42003DE885 /* KeepViewModel.swift */ = {isa = PBXFileReference; lastKnownFileType = sourcecode.swift; path = KeepViewModel.swift; sourceTree = "<group>"; };
		0334A01327858093003DE885 /* BackgroundViewModel.swift */ = {isa = PBXFileReference; lastKnownFileType = sourcecode.swift; path = BackgroundViewModel.swift; sourceTree = "<group>"; };
		0334A015278580AF003DE885 /* Background.swift */ = {isa = PBXFileReference; lastKnownFileType = sourcecode.swift; path = Background.swift; sourceTree = "<group>"; };
		039DFA9A27971A33002162E0 /* NovelReaderWidgetExtension.appex */ = {isa = PBXFileReference; explicitFileType = "wrapper.app-extension"; includeInIndex = 0; path = NovelReaderWidgetExtension.appex; sourceTree = BUILT_PRODUCTS_DIR; };
		039DFA9C27971A33002162E0 /* WidgetKit.framework */ = {isa = PBXFileReference; lastKnownFileType = wrapper.framework; name = WidgetKit.framework; path = System/Library/Frameworks/WidgetKit.framework; sourceTree = SDKROOT; };
		039DFA9E27971A33002162E0 /* SwiftUI.framework */ = {isa = PBXFileReference; lastKnownFileType = wrapper.framework; name = SwiftUI.framework; path = System/Library/Frameworks/SwiftUI.framework; sourceTree = SDKROOT; };
		039DFAA127971A33002162E0 /* NovelReaderWidget.swift */ = {isa = PBXFileReference; lastKnownFileType = sourcecode.swift; path = NovelReaderWidget.swift; sourceTree = "<group>"; };
		039DFAA327971A37002162E0 /* Assets.xcassets */ = {isa = PBXFileReference; lastKnownFileType = folder.assetcatalog; path = Assets.xcassets; sourceTree = "<group>"; };
		039DFAA527971A37002162E0 /* Info.plist */ = {isa = PBXFileReference; lastKnownFileType = text.plist.xml; path = Info.plist; sourceTree = "<group>"; };
		039DFAB427971D5F002162E0 /* Novel.swift */ = {isa = PBXFileReference; lastKnownFileType = sourcecode.swift; path = Novel.swift; sourceTree = "<group>"; };
		03DF94E227975AA7000BDC26 /* ShareView.swift */ = {isa = PBXFileReference; lastKnownFileType = sourcecode.swift; path = ShareView.swift; sourceTree = "<group>"; };
		03F82305278DB0FD00D31254 /* RatingView.swift */ = {isa = PBXFileReference; lastKnownFileType = sourcecode.swift; path = RatingView.swift; sourceTree = "<group>"; };
		03F82307278DBBA400D31254 /* NovelView.swift */ = {isa = PBXFileReference; lastKnownFileType = sourcecode.swift; path = NovelView.swift; sourceTree = "<group>"; };
/* End PBXFileReference section */

/* Begin PBXFrameworksBuildPhase section */
		03349FED27856FFA003DE885 /* Frameworks */ = {
			isa = PBXFrameworksBuildPhase;
			buildActionMask = 2147483647;
			files = (
				03288B9F278ECFA20011F531 /* SwiftDown in Frameworks */,
				03700D0127A111D4006D25A8 /* Swifter in Frameworks */,
			);
			runOnlyForDeploymentPostprocessing = 0;
		};
		039DFA9727971A33002162E0 /* Frameworks */ = {
			isa = PBXFrameworksBuildPhase;
			buildActionMask = 2147483647;
			files = (
				039DFA9F27971A33002162E0 /* SwiftUI.framework in Frameworks */,
				039DFA9D27971A33002162E0 /* WidgetKit.framework in Frameworks */,
			);
			runOnlyForDeploymentPostprocessing = 0;
		};
/* End PBXFrameworksBuildPhase section */

/* Begin PBXGroup section */
		03288B98278ECB7D0011F531 /* Novel */ = {
			isa = PBXGroup;
			children = (
				03F82307278DBBA400D31254 /* NovelView.swift */,
				03288B99278ECB9C0011F531 /* NovelMenuView.swift */,
				03288B9B278ECBCA0011F531 /* NovelIntroView.swift */,
				03288BA027901CF80011F531 /* NovelContentView.swift */,
			);
			path = Novel;
			sourceTree = "<group>";
		};
		03349FE727856FFA003DE885 = {
			isa = PBXGroup;
			children = (
				03349FF227856FFA003DE885 /* NovelReader */,
				039DFAA027971A33002162E0 /* NovelReaderWidget */,
				039DFA9B27971A33002162E0 /* Frameworks */,
				03349FF127856FFA003DE885 /* Products */,
			);
			sourceTree = "<group>";
		};
		03349FF127856FFA003DE885 /* Products */ = {
			isa = PBXGroup;
			children = (
				03349FF027856FFA003DE885 /* NovelReader.app */,
				039DFA9A27971A33002162E0 /* NovelReaderWidgetExtension.appex */,
			);
			name = Products;
			sourceTree = "<group>";
		};
		03349FF227856FFA003DE885 /* NovelReader */ = {
			isa = PBXGroup;
			children = (
				03349FF327856FFA003DE885 /* NovelReaderApp.swift */,
				03349FF527856FFB003DE885 /* CoreDataTestView.swift */,
				03349FFC27857001003DE885 /* Persistence.swift */,
				0334A00827857D99003DE885 /* view-models */,
				0334A00927857DA5003DE885 /* models */,
				0334A00A27857DAE003DE885 /* views */,
				03349FF727857001003DE885 /* Assets.xcassets */,
				03349FFE27857001003DE885 /* NovelReader.xcdatamodeld */,
				03349FF927857001003DE885 /* Preview Content */,
			);
			path = NovelReader;
			sourceTree = "<group>";
		};
		03349FF927857001003DE885 /* Preview Content */ = {
			isa = PBXGroup;
			children = (
				03349FFA27857001003DE885 /* Preview Assets.xcassets */,
			);
			path = "Preview Content";
			sourceTree = "<group>";
		};
		0334A00827857D99003DE885 /* view-models */ = {
			isa = PBXGroup;
			children = (
				0334A00D27857E25003DE885 /* WebNovelFetcher.swift */,
				0334A00F27857E42003DE885 /* KeepViewModel.swift */,
				0334A01327858093003DE885 /* BackgroundViewModel.swift */,
			);
			path = "view-models";
			sourceTree = "<group>";
		};
		0334A00927857DA5003DE885 /* models */ = {
			isa = PBXGroup;
			children = (
				039DFAB427971D5F002162E0 /* Novel.swift */,
				0334A015278580AF003DE885 /* Background.swift */,
			);
			path = models;
			sourceTree = "<group>";
		};
		0334A00A27857DAE003DE885 /* views */ = {
			isa = PBXGroup;
			children = (
				0334A00627857D80003DE885 /* ContentView.swift */,
				030578AB278C889F006442AD /* WebListsView.swift */,
				03F82305278DB0FD00D31254 /* RatingView.swift */,
				03288BA42795F3860011F531 /* KeepView.swift */,
				03288B98278ECB7D0011F531 /* Novel */,
				03288BA22795BE080011F531 /* FindBookView.swift */,
				03DF94E227975AA7000BDC26 /* ShareView.swift */,
			);
			path = views;
			sourceTree = "<group>";
		};
		039DFA9B27971A33002162E0 /* Frameworks */ = {
			isa = PBXGroup;
			children = (
				039DFA9C27971A33002162E0 /* WidgetKit.framework */,
				039DFA9E27971A33002162E0 /* SwiftUI.framework */,
			);
			name = Frameworks;
			sourceTree = "<group>";
		};
		039DFAA027971A33002162E0 /* NovelReaderWidget */ = {
			isa = PBXGroup;
			children = (
				039DFAA127971A33002162E0 /* NovelReaderWidget.swift */,
				039DFAA327971A37002162E0 /* Assets.xcassets */,
				039DFAA527971A37002162E0 /* Info.plist */,
			);
			path = NovelReaderWidget;
			sourceTree = "<group>";
		};
/* End PBXGroup section */

/* Begin PBXNativeTarget section */
		03349FEF27856FFA003DE885 /* NovelReader */ = {
			isa = PBXNativeTarget;
			buildConfigurationList = 0334A00327857001003DE885 /* Build configuration list for PBXNativeTarget "NovelReader" */;
			buildPhases = (
				03349FEC27856FFA003DE885 /* Sources */,
				03349FED27856FFA003DE885 /* Frameworks */,
				03349FEE27856FFA003DE885 /* Resources */,
				039DFAAC27971A37002162E0 /* Embed App Extensions */,
			);
			buildRules = (
			);
			dependencies = (
				039DFAA727971A37002162E0 /* PBXTargetDependency */,
			);
			name = NovelReader;
			packageProductDependencies = (
				03288B9E278ECFA20011F531 /* SwiftDown */,
				03700D0027A111D4006D25A8 /* Swifter */,
			);
			productName = NovelReader;
			productReference = 03349FF027856FFA003DE885 /* NovelReader.app */;
			productType = "com.apple.product-type.application";
		};
		039DFA9927971A33002162E0 /* NovelReaderWidgetExtension */ = {
			isa = PBXNativeTarget;
			buildConfigurationList = 039DFAA927971A37002162E0 /* Build configuration list for PBXNativeTarget "NovelReaderWidgetExtension" */;
			buildPhases = (
				039DFA9627971A33002162E0 /* Sources */,
				039DFA9727971A33002162E0 /* Frameworks */,
				039DFA9827971A33002162E0 /* Resources */,
			);
			buildRules = (
			);
			dependencies = (
			);
			name = NovelReaderWidgetExtension;
			productName = NovelReaderWidgetExtension;
			productReference = 039DFA9A27971A33002162E0 /* NovelReaderWidgetExtension.appex */;
			productType = "com.apple.product-type.app-extension";
		};
/* End PBXNativeTarget section */

/* Begin PBXProject section */
		03349FE827856FFA003DE885 /* Project object */ = {
			isa = PBXProject;
			attributes = {
				BuildIndependentTargetsInParallel = 1;
				LastSwiftUpdateCheck = 1320;
				LastUpgradeCheck = 1310;
				TargetAttributes = {
					03349FEF27856FFA003DE885 = {
						CreatedOnToolsVersion = 13.1;
					};
					039DFA9927971A33002162E0 = {
						CreatedOnToolsVersion = 13.2.1;
					};
				};
			};
			buildConfigurationList = 03349FEB27856FFA003DE885 /* Build configuration list for PBXProject "NovelReader" */;
			compatibilityVersion = "Xcode 13.0";
			developmentRegion = en;
			hasScannedForEncodings = 0;
			knownRegions = (
				en,
				Base,
			);
			mainGroup = 03349FE727856FFA003DE885;
			packageReferences = (
				03288B9D278ECFA10011F531 /* XCRemoteSwiftPackageReference "SwiftDown" */,
				03700CFF27A111D4006D25A8 /* XCRemoteSwiftPackageReference "swifter" */,
			);
			productRefGroup = 03349FF127856FFA003DE885 /* Products */;
			projectDirPath = "";
			projectRoot = "";
			targets = (
				03349FEF27856FFA003DE885 /* NovelReader */,
				039DFA9927971A33002162E0 /* NovelReaderWidgetExtension */,
			);
		};
/* End PBXProject section */

/* Begin PBXResourcesBuildPhase section */
		03349FEE27856FFA003DE885 /* Resources */ = {
			isa = PBXResourcesBuildPhase;
			buildActionMask = 2147483647;
			files = (
				03349FFB27857001003DE885 /* Preview Assets.xcassets in Resources */,
				03349FF827857001003DE885 /* Assets.xcassets in Resources */,
			);
			runOnlyForDeploymentPostprocessing = 0;
		};
		039DFA9827971A33002162E0 /* Resources */ = {
			isa = PBXResourcesBuildPhase;
			buildActionMask = 2147483647;
			files = (
				039DFAA427971A37002162E0 /* Assets.xcassets in Resources */,
			);
			runOnlyForDeploymentPostprocessing = 0;
		};
/* End PBXResourcesBuildPhase section */

/* Begin PBXSourcesBuildPhase section */
		03349FEC27856FFA003DE885 /* Sources */ = {
			isa = PBXSourcesBuildPhase;
			buildActionMask = 2147483647;
			files = (
				0334A016278580AF003DE885 /* Background.swift in Sources */,
				030578AC278C889F006442AD /* WebListsView.swift in Sources */,
				03349FFD27857001003DE885 /* Persistence.swift in Sources */,
				0334A01427858093003DE885 /* BackgroundViewModel.swift in Sources */,
				0334A00E27857E25003DE885 /* WebNovelFetcher.swift in Sources */,
				0334A00727857D80003DE885 /* ContentView.swift in Sources */,
				03288BA52795F3860011F531 /* KeepView.swift in Sources */,
				03F82306278DB0FD00D31254 /* RatingView.swift in Sources */,
				03288BA32795BE080011F531 /* FindBookView.swift in Sources */,
				03288BA127901CF80011F531 /* NovelContentView.swift in Sources */,
				03349FF627856FFB003DE885 /* CoreDataTestView.swift in Sources */,
				03F82308278DBBA400D31254 /* NovelView.swift in Sources */,
				03288B9C278ECBCA0011F531 /* NovelIntroView.swift in Sources */,
				03288B9A278ECB9C0011F531 /* NovelMenuView.swift in Sources */,
				03349FF427856FFB003DE885 /* NovelReaderApp.swift in Sources */,
				039DFAB527971D5F002162E0 /* Novel.swift in Sources */,
				0334A00027857001003DE885 /* NovelReader.xcdatamodeld in Sources */,
				03DF94E327975AA7000BDC26 /* ShareView.swift in Sources */,
				0334A01027857E42003DE885 /* KeepViewModel.swift in Sources */,
			);
			runOnlyForDeploymentPostprocessing = 0;
		};
		039DFA9627971A33002162E0 /* Sources */ = {
			isa = PBXSourcesBuildPhase;
			buildActionMask = 2147483647;
			files = (
				039DFAA227971A33002162E0 /* NovelReaderWidget.swift in Sources */,
				039DFAB627971D5F002162E0 /* Novel.swift in Sources */,
			);
			runOnlyForDeploymentPostprocessing = 0;
		};
/* End PBXSourcesBuildPhase section */

/* Begin PBXTargetDependency section */
		039DFAA727971A37002162E0 /* PBXTargetDependency */ = {
			isa = PBXTargetDependency;
			target = 039DFA9927971A33002162E0 /* NovelReaderWidgetExtension */;
			targetProxy = 039DFAA627971A37002162E0 /* PBXContainerItemProxy */;
		};
/* End PBXTargetDependency section */

/* Begin XCBuildConfiguration section */
		0334A00127857001003DE885 /* Debug */ = {
			isa = XCBuildConfiguration;
			buildSettings = {
				ALWAYS_SEARCH_USER_PATHS = NO;
				CLANG_ANALYZER_NONNULL = YES;
				CLANG_ANALYZER_NUMBER_OBJECT_CONVERSION = YES_AGGRESSIVE;
				CLANG_CXX_LANGUAGE_STANDARD = "gnu++17";
				CLANG_CXX_LIBRARY = "libc++";
				CLANG_ENABLE_MODULES = YES;
				CLANG_ENABLE_OBJC_ARC = YES;
				CLANG_ENABLE_OBJC_WEAK = YES;
				CLANG_WARN_BLOCK_CAPTURE_AUTORELEASING = YES;
				CLANG_WARN_BOOL_CONVERSION = YES;
				CLANG_WARN_COMMA = YES;
				CLANG_WARN_CONSTANT_CONVERSION = YES;
				CLANG_WARN_DEPRECATED_OBJC_IMPLEMENTATIONS = YES;
				CLANG_WARN_DIRECT_OBJC_ISA_USAGE = YES_ERROR;
				CLANG_WARN_DOCUMENTATION_COMMENTS = YES;
				CLANG_WARN_EMPTY_BODY = YES;
				CLANG_WARN_ENUM_CONVERSION = YES;
				CLANG_WARN_INFINITE_RECURSION = YES;
				CLANG_WARN_INT_CONVERSION = YES;
				CLANG_WARN_NON_LITERAL_NULL_CONVERSION = YES;
				CLANG_WARN_OBJC_IMPLICIT_RETAIN_SELF = YES;
				CLANG_WARN_OBJC_LITERAL_CONVERSION = YES;
				CLANG_WARN_OBJC_ROOT_CLASS = YES_ERROR;
				CLANG_WARN_QUOTED_INCLUDE_IN_FRAMEWORK_HEADER = YES;
				CLANG_WARN_RANGE_LOOP_ANALYSIS = YES;
				CLANG_WARN_STRICT_PROTOTYPES = YES;
				CLANG_WARN_SUSPICIOUS_MOVE = YES;
				CLANG_WARN_UNGUARDED_AVAILABILITY = YES_AGGRESSIVE;
				CLANG_WARN_UNREACHABLE_CODE = YES;
				CLANG_WARN__DUPLICATE_METHOD_MATCH = YES;
				COPY_PHASE_STRIP = NO;
				DEBUG_INFORMATION_FORMAT = dwarf;
				ENABLE_STRICT_OBJC_MSGSEND = YES;
				ENABLE_TESTABILITY = YES;
				GCC_C_LANGUAGE_STANDARD = gnu11;
				GCC_DYNAMIC_NO_PIC = NO;
				GCC_NO_COMMON_BLOCKS = YES;
				GCC_OPTIMIZATION_LEVEL = 0;
				GCC_PREPROCESSOR_DEFINITIONS = (
					"DEBUG=1",
					"$(inherited)",
				);
				GCC_WARN_64_TO_32_BIT_CONVERSION = YES;
				GCC_WARN_ABOUT_RETURN_TYPE = YES_ERROR;
				GCC_WARN_UNDECLARED_SELECTOR = YES;
				GCC_WARN_UNINITIALIZED_AUTOS = YES_AGGRESSIVE;
				GCC_WARN_UNUSED_FUNCTION = YES;
				GCC_WARN_UNUSED_VARIABLE = YES;
				IPHONEOS_DEPLOYMENT_TARGET = 15.0;
				MTL_ENABLE_DEBUG_INFO = INCLUDE_SOURCE;
				MTL_FAST_MATH = YES;
				ONLY_ACTIVE_ARCH = YES;
				SDKROOT = iphoneos;
				SWIFT_ACTIVE_COMPILATION_CONDITIONS = DEBUG;
				SWIFT_OPTIMIZATION_LEVEL = "-Onone";
			};
			name = Debug;
		};
		0334A00227857001003DE885 /* Release */ = {
			isa = XCBuildConfiguration;
			buildSettings = {
				ALWAYS_SEARCH_USER_PATHS = NO;
				CLANG_ANALYZER_NONNULL = YES;
				CLANG_ANALYZER_NUMBER_OBJECT_CONVERSION = YES_AGGRESSIVE;
				CLANG_CXX_LANGUAGE_STANDARD = "gnu++17";
				CLANG_CXX_LIBRARY = "libc++";
				CLANG_ENABLE_MODULES = YES;
				CLANG_ENABLE_OBJC_ARC = YES;
				CLANG_ENABLE_OBJC_WEAK = YES;
				CLANG_WARN_BLOCK_CAPTURE_AUTORELEASING = YES;
				CLANG_WARN_BOOL_CONVERSION = YES;
				CLANG_WARN_COMMA = YES;
				CLANG_WARN_CONSTANT_CONVERSION = YES;
				CLANG_WARN_DEPRECATED_OBJC_IMPLEMENTATIONS = YES;
				CLANG_WARN_DIRECT_OBJC_ISA_USAGE = YES_ERROR;
				CLANG_WARN_DOCUMENTATION_COMMENTS = YES;
				CLANG_WARN_EMPTY_BODY = YES;
				CLANG_WARN_ENUM_CONVERSION = YES;
				CLANG_WARN_INFINITE_RECURSION = YES;
				CLANG_WARN_INT_CONVERSION = YES;
				CLANG_WARN_NON_LITERAL_NULL_CONVERSION = YES;
				CLANG_WARN_OBJC_IMPLICIT_RETAIN_SELF = YES;
				CLANG_WARN_OBJC_LITERAL_CONVERSION = YES;
				CLANG_WARN_OBJC_ROOT_CLASS = YES_ERROR;
				CLANG_WARN_QUOTED_INCLUDE_IN_FRAMEWORK_HEADER = YES;
				CLANG_WARN_RANGE_LOOP_ANALYSIS = YES;
				CLANG_WARN_STRICT_PROTOTYPES = YES;
				CLANG_WARN_SUSPICIOUS_MOVE = YES;
				CLANG_WARN_UNGUARDED_AVAILABILITY = YES_AGGRESSIVE;
				CLANG_WARN_UNREACHABLE_CODE = YES;
				CLANG_WARN__DUPLICATE_METHOD_MATCH = YES;
				COPY_PHASE_STRIP = NO;
				DEBUG_INFORMATION_FORMAT = "dwarf-with-dsym";
				ENABLE_NS_ASSERTIONS = NO;
				ENABLE_STRICT_OBJC_MSGSEND = YES;
				GCC_C_LANGUAGE_STANDARD = gnu11;
				GCC_NO_COMMON_BLOCKS = YES;
				GCC_WARN_64_TO_32_BIT_CONVERSION = YES;
				GCC_WARN_ABOUT_RETURN_TYPE = YES_ERROR;
				GCC_WARN_UNDECLARED_SELECTOR = YES;
				GCC_WARN_UNINITIALIZED_AUTOS = YES_AGGRESSIVE;
				GCC_WARN_UNUSED_FUNCTION = YES;
				GCC_WARN_UNUSED_VARIABLE = YES;
				IPHONEOS_DEPLOYMENT_TARGET = 15.0;
				MTL_ENABLE_DEBUG_INFO = NO;
				MTL_FAST_MATH = YES;
				SDKROOT = iphoneos;
				SWIFT_COMPILATION_MODE = wholemodule;
				SWIFT_OPTIMIZATION_LEVEL = "-O";
				VALIDATE_PRODUCT = YES;
			};
			name = Release;
		};
		0334A00427857001003DE885 /* Debug */ = {
			isa = XCBuildConfiguration;
			buildSettings = {
				ALWAYS_EMBED_SWIFT_STANDARD_LIBRARIES = YES;
				ASSETCATALOG_COMPILER_APPICON_NAME = AppIcon;
				ASSETCATALOG_COMPILER_GLOBAL_ACCENT_COLOR_NAME = AccentColor;
				CODE_SIGN_STYLE = Automatic;
				CURRENT_PROJECT_VERSION = 1;
				DEVELOPMENT_ASSET_PATHS = "\"NovelReader/Preview Content\"";
				DEVELOPMENT_TEAM = 963W6A297N;
				ENABLE_PREVIEWS = YES;
				GENERATE_INFOPLIST_FILE = YES;
				INFOPLIST_KEY_UIApplicationSceneManifest_Generation = YES;
				INFOPLIST_KEY_UIApplicationSupportsIndirectInputEvents = YES;
				INFOPLIST_KEY_UILaunchScreen_Generation = YES;
				INFOPLIST_KEY_UISupportedInterfaceOrientations_iPad = "UIInterfaceOrientationPortrait UIInterfaceOrientationPortraitUpsideDown UIInterfaceOrientationLandscapeLeft UIInterfaceOrientationLandscapeRight";
				INFOPLIST_KEY_UISupportedInterfaceOrientations_iPhone = "UIInterfaceOrientationPortrait UIInterfaceOrientationLandscapeLeft UIInterfaceOrientationLandscapeRight";
				LD_RUNPATH_SEARCH_PATHS = (
					"$(inherited)",
					"@executable_path/Frameworks",
				);
				MARKETING_VERSION = 1.0;
				PRODUCT_BUNDLE_IDENTIFIER = com.ytchao.NovelReader;
				PRODUCT_NAME = "$(TARGET_NAME)";
				SWIFT_EMIT_LOC_STRINGS = YES;
				SWIFT_VERSION = 5.0;
				TARGETED_DEVICE_FAMILY = "1,2";
			};
			name = Debug;
		};
		0334A00527857001003DE885 /* Release */ = {
			isa = XCBuildConfiguration;
			buildSettings = {
				ALWAYS_EMBED_SWIFT_STANDARD_LIBRARIES = YES;
				ASSETCATALOG_COMPILER_APPICON_NAME = AppIcon;
				ASSETCATALOG_COMPILER_GLOBAL_ACCENT_COLOR_NAME = AccentColor;
				CODE_SIGN_STYLE = Automatic;
				CURRENT_PROJECT_VERSION = 1;
				DEVELOPMENT_ASSET_PATHS = "\"NovelReader/Preview Content\"";
				DEVELOPMENT_TEAM = 963W6A297N;
				ENABLE_PREVIEWS = YES;
				GENERATE_INFOPLIST_FILE = YES;
				INFOPLIST_KEY_UIApplicationSceneManifest_Generation = YES;
				INFOPLIST_KEY_UIApplicationSupportsIndirectInputEvents = YES;
				INFOPLIST_KEY_UILaunchScreen_Generation = YES;
				INFOPLIST_KEY_UISupportedInterfaceOrientations_iPad = "UIInterfaceOrientationPortrait UIInterfaceOrientationPortraitUpsideDown UIInterfaceOrientationLandscapeLeft UIInterfaceOrientationLandscapeRight";
				INFOPLIST_KEY_UISupportedInterfaceOrientations_iPhone = "UIInterfaceOrientationPortrait UIInterfaceOrientationLandscapeLeft UIInterfaceOrientationLandscapeRight";
				LD_RUNPATH_SEARCH_PATHS = (
					"$(inherited)",
					"@executable_path/Frameworks",
				);
				MARKETING_VERSION = 1.0;
				PRODUCT_BUNDLE_IDENTIFIER = com.ytchao.NovelReader;
				PRODUCT_NAME = "$(TARGET_NAME)";
				SWIFT_EMIT_LOC_STRINGS = YES;
				SWIFT_VERSION = 5.0;
				TARGETED_DEVICE_FAMILY = "1,2";
			};
			name = Release;
		};
		039DFAAA27971A37002162E0 /* Debug */ = {
			isa = XCBuildConfiguration;
			buildSettings = {
				ASSETCATALOG_COMPILER_GLOBAL_ACCENT_COLOR_NAME = AccentColor;
				ASSETCATALOG_COMPILER_WIDGET_BACKGROUND_COLOR_NAME = WidgetBackground;
				CODE_SIGN_STYLE = Automatic;
				CURRENT_PROJECT_VERSION = 1;
				DEVELOPMENT_TEAM = 963W6A297N;
				GENERATE_INFOPLIST_FILE = YES;
				INFOPLIST_FILE = NovelReaderWidget/Info.plist;
				INFOPLIST_KEY_CFBundleDisplayName = NovelReaderWidget;
				INFOPLIST_KEY_NSHumanReadableCopyright = "";
				IPHONEOS_DEPLOYMENT_TARGET = 15.2;
				LD_RUNPATH_SEARCH_PATHS = (
					"$(inherited)",
					"@executable_path/Frameworks",
					"@executable_path/../../Frameworks",
				);
				MARKETING_VERSION = 1.0;
				PRODUCT_BUNDLE_IDENTIFIER = com.ytchao.NovelReader.NovelReaderWidget;
				PRODUCT_NAME = "$(TARGET_NAME)";
				SKIP_INSTALL = YES;
				SWIFT_EMIT_LOC_STRINGS = YES;
				SWIFT_VERSION = 5.0;
				TARGETED_DEVICE_FAMILY = "1,2";
			};
			name = Debug;
		};
		039DFAAB27971A37002162E0 /* Release */ = {
			isa = XCBuildConfiguration;
			buildSettings = {
				ASSETCATALOG_COMPILER_GLOBAL_ACCENT_COLOR_NAME = AccentColor;
				ASSETCATALOG_COMPILER_WIDGET_BACKGROUND_COLOR_NAME = WidgetBackground;
				CODE_SIGN_STYLE = Automatic;
				CURRENT_PROJECT_VERSION = 1;
				DEVELOPMENT_TEAM = 963W6A297N;
				GENERATE_INFOPLIST_FILE = YES;
				INFOPLIST_FILE = NovelReaderWidget/Info.plist;
				INFOPLIST_KEY_CFBundleDisplayName = NovelReaderWidget;
				INFOPLIST_KEY_NSHumanReadableCopyright = "";
				IPHONEOS_DEPLOYMENT_TARGET = 15.2;
				LD_RUNPATH_SEARCH_PATHS = (
					"$(inherited)",
					"@executable_path/Frameworks",
					"@executable_path/../../Frameworks",
				);
				MARKETING_VERSION = 1.0;
				PRODUCT_BUNDLE_IDENTIFIER = com.ytchao.NovelReader.NovelReaderWidget;
				PRODUCT_NAME = "$(TARGET_NAME)";
				SKIP_INSTALL = YES;
				SWIFT_EMIT_LOC_STRINGS = YES;
				SWIFT_VERSION = 5.0;
				TARGETED_DEVICE_FAMILY = "1,2";
			};
			name = Release;
		};
/* End XCBuildConfiguration section */

/* Begin XCConfigurationList section */
		03349FEB27856FFA003DE885 /* Build configuration list for PBXProject "NovelReader" */ = {
			isa = XCConfigurationList;
			buildConfigurations = (
				0334A00127857001003DE885 /* Debug */,
				0334A00227857001003DE885 /* Release */,
			);
			defaultConfigurationIsVisible = 0;
			defaultConfigurationName = Release;
		};
		0334A00327857001003DE885 /* Build configuration list for PBXNativeTarget "NovelReader" */ = {
			isa = XCConfigurationList;
			buildConfigurations = (
				0334A00427857001003DE885 /* Debug */,
				0334A00527857001003DE885 /* Release */,
			);
			defaultConfigurationIsVisible = 0;
			defaultConfigurationName = Release;
		};
		039DFAA927971A37002162E0 /* Build configuration list for PBXNativeTarget "NovelReaderWidgetExtension" */ = {
			isa = XCConfigurationList;
			buildConfigurations = (
				039DFAAA27971A37002162E0 /* Debug */,
				039DFAAB27971A37002162E0 /* Release */,
			);
			defaultConfigurationIsVisible = 0;
			defaultConfigurationName = Release;
		};
/* End XCConfigurationList section */

/* Begin XCRemoteSwiftPackageReference section */
		03288B9D278ECFA10011F531 /* XCRemoteSwiftPackageReference "SwiftDown" */ = {
			isa = XCRemoteSwiftPackageReference;
			repositoryURL = "https://github.com/qeude/SwiftDown.git";
			requirement = {
				branch = main;
				kind = branch;
			};
		};
		03700CFF27A111D4006D25A8 /* XCRemoteSwiftPackageReference "swifter" */ = {
			isa = XCRemoteSwiftPackageReference;
			repositoryURL = "https://github.com/httpswift/swifter";
			requirement = {
				kind = upToNextMajorVersion;
				minimumVersion = 1.0.0;
			};
		};
/* End XCRemoteSwiftPackageReference section */

/* Begin XCSwiftPackageProductDependency section */
		03288B9E278ECFA20011F531 /* SwiftDown */ = {
			isa = XCSwiftPackageProductDependency;
			package = 03288B9D278ECFA10011F531 /* XCRemoteSwiftPackageReference "SwiftDown" */;
			productName = SwiftDown;
		};
		03700D0027A111D4006D25A8 /* Swifter */ = {
			isa = XCSwiftPackageProductDependency;
			package = 03700CFF27A111D4006D25A8 /* XCRemoteSwiftPackageReference "swifter" */;
			productName = Swifter;
		};
/* End XCSwiftPackageProductDependency section */

/* Begin XCVersionGroup section */
		03349FFE27857001003DE885 /* NovelReader.xcdatamodeld */ = {
			isa = XCVersionGroup;
			children = (
				03349FFF27857001003DE885 /* NovelReader.xcdatamodel */,
			);
			currentVersion = 03349FFF27857001003DE885 /* NovelReader.xcdatamodel */;
			path = NovelReader.xcdatamodeld;
			sourceTree = "<group>";
			versionGroupType = wrapper.xcdatamodel;
		};
/* End XCVersionGroup section */
	};
	rootObject = 03349FE827856FFA003DE885 /* Project object */;
}
