{
  "object": {
    "pins": [
      {
        "package": "Kingfisher",
        "repositoryURL": "https://github.com/onevcat/Kingfisher",
        "state": {
          "branch": null,
          "revision": "0c02c46cfdc0656ce74fd0963a75e5000a0b7f23",
          "version": "7.1.2"
        }
      },
      {
        "package": "MapboxSpeech",
        "repositoryURL": "https://github.com/mapbox/mapbox-speech-swift.git",
        "state": {
          "branch": null,
          "revision": "b0a6008c184c1010dac11e14bf20afe4261d8c36",
          "version": "2.0.0"
        }
      },
      {
        "package": "Parma",
        "repositoryURL": "https://github.com/dasautoooo/Parma.git",
        "state": {
          "branch": null,
          "revision": "3c8b431fd5ad3cf675c60d0aa89f011cbcbb036c",
          "version": "0.3.0"
        }
      },
      {
        "package": "SwiftDown",
        "repositoryURL": "https://github.com/qeude/SwiftDown.git",
        "state": {
          "branch": null,
          "revision": "f2879f474d4015548a99686fa97652cf9f3fe1a0",
          "version": "0.2.0"
        }
      }
    ]
  },
  "version": 1
}
